
Microsoft Visual Studio Solution File, Format Version 12.00
# Visual Studio Version 17
VisualStudioVersion = 17.1.32104.313
MinimumVisualStudioVersion = 10.0.40219.1
Project("{2150E333-8FDC-42A3-9474-1A3956D46DE8}") = "Solution Items", "Solution Items", "{33084390-724F-482E-BAFC-1A6AC7378767}"
	ProjectSection(SolutionItems) = preProject
		.editorconfig = .editorconfig
	EndProjectSection
EndProject
Project("{9A19103F-16F7-4668-BE54-9A1E7A4F7556}") = "Lambda", "Lambda\Lambda.csproj", "{3427B9D6-9D53-4A46-9852-EA0DE59FAE43}"
EndProject
Project("{9A19103F-16F7-4668-BE54-9A1E7A4F7556}") = "ConfigObjective", "ConfigObjective\ConfigObjective.csproj", "{DD47EB51-DA4C-4E49-BC92-BA3E9EFCF84B}"
EndProject
Project("{9A19103F-16F7-4668-BE54-9A1E7A4F7556}") = "Solution", "Solution\Solution.csproj", "{5C593C4B-5CD2-4666-8EBE-E337C84D7DF4}"
EndProject
Project("{9A19103F-16F7-4668-BE54-9A1E7A4F7556}") = "LambdaManager", "LambdaManager\LambdaManager.csproj", "{EE50A5A7-23FB-430F-BCE1-691CA08B67BD}"
EndProject
Project("{9A19103F-16F7-4668-BE54-9A1E7A4F7556}") = "Grid", "Grid\Grid.csproj", "{021D4E03-82FE-4B8B-90C5-91A5AD456248}"
EndProject
Project("{9A19103F-16F7-4668-BE54-9A1E7A4F7556}") = "Wizard", "Wizard\Wizard.csproj", "{C359356E-F744-4B23-AA1A-14A3D9B85AAC}"
EndProject
Project("{8BC9CEB8-8B4A-11D0-8D11-00A0C91BC942}") = "ISCamera", "ISCamera\ISCamera.vcxproj", "{565B0BC5-117E-40E4-9CF4-8E0A6543D8E4}"
EndProject
Project("{9A19103F-16F7-4668-BE54-9A1E7A4F7556}") = "HotKey", "HotKey\HotKey.csproj", "{3D066BC1-F14A-4361-9E3A-893F7631175B}"
EndProject
Project("{9A19103F-16F7-4668-BE54-9A1E7A4F7556}") = "Global", "Global\Global.csproj", "{C6D8A524-9FB5-4668-AD38-53A87448B8E3}"
EndProject
Project("{9A19103F-16F7-4668-BE54-9A1E7A4F7556}") = "ThemeManager", "ThemeManager\ThemeManager.csproj", "{B21710A3-6DD8-442B-8AAA-F868960A3C9A}"
EndProject
Project("{9A19103F-16F7-4668-BE54-9A1E7A4F7556}") = "ConfigBottomView", "ConfigBottomView\ConfigBottomView.csproj", "{9775502E-8304-44A4-9020-AA971AC71B90}"
EndProject
Project("{8BC9CEB8-8B4A-11D0-8D11-00A0C91BC942}") = "DPC", "DPC\DPC.vcxproj", "{A093B8FF-C9B8-43B0-A6FB-F733340004DF}"
EndProject
Project("{2150E333-8FDC-42A3-9474-1A3956D46DE8}") = "C++", "C++", "{2F3D1C23-A6EF-4792-8F71-3AECFA31A1D4}"
EndProject
Project("{2150E333-8FDC-42A3-9474-1A3956D46DE8}") = "Util", "Util", "{CC574C99-8235-4EBC-98A8-88A264EA3474}"
EndProject
Project("{2150E333-8FDC-42A3-9474-1A3956D46DE8}") = "UI", "UI", "{6E51A8F0-0397-40E7-8B41-0A99C2C21CDA}"
EndProject
Project("{2150E333-8FDC-42A3-9474-1A3956D46DE8}") = "Lambda", "Lambda", "{A9FBFE46-0F03-4B3A-A5DE-D908337186C1}"
EndProject
Project("{8BC9CEB8-8B4A-11D0-8D11-00A0C91BC942}") = "RS232", "RS232\RS232.vcxproj", "{F58C6C99-CBED-44B0-B7A4-A94BD9A4EE73}"
EndProject
Project("{8BC9CEB8-8B4A-11D0-8D11-00A0C91BC942}") = "ThreadPoolTest", "ThreadPoolTest\ThreadPoolTest.vcxproj", "{AE173EBB-2962-4A25-A8D7-28C3DAA2401E}"
EndProject
Project("{8BC9CEB8-8B4A-11D0-8D11-00A0C91BC942}") = "DPCAutoFocus", "DPCAutoFocus\DPCAutoFocus.vcxproj", "{781DAB08-B5DF-4596-AC5A-5F8510C4E0B7}"
EndProject
Project("{8BC9CEB8-8B4A-11D0-8D11-00A0C91BC942}") = "Algorithm", "Algorithm\Algorithm.vcxproj", "{6A4C3DF4-918A-4262-94B5-4036C8340D35}"
EndProject
Project("{8BC9CEB8-8B4A-11D0-8D11-00A0C91BC942}") = "InteropTest", "IntereopTest\InteropTest.vcxproj", "{07E63B9A-05D4-4769-8642-2D43A169EE8E}"
EndProject
Project("{8BC9CEB8-8B4A-11D0-8D11-00A0C91BC942}") = "Common", "Common\Common.vcxproj", "{257097AC-30F8-4BFF-9672-2F52B0BB5AA9}"
EndProject
Project("{9A19103F-16F7-4668-BE54-9A1E7A4F7556}") = "LambdaUtils", "LambdaUtils\LambdaUtils.csproj", "{8983C0A3-B289-4C49-9E7C-A2A9A53607E6}"
EndProject
Project("{8BC9CEB8-8B4A-11D0-8D11-00A0C91BC942}") = "CUDA", "CUDA\CUDA.vcxproj", "{8E6C2230-4721-4ECE-AF12-67E3BC2B35D7}"
EndProject
Project("{9A19103F-16F7-4668-BE54-9A1E7A4F7556}") = "ACE", "ACE\ACE.csproj", "{C00C5264-012C-424E-AB0C-A1E30795D66A}"
EndProject
Project("{9A19103F-16F7-4668-BE54-9A1E7A4F7556}") = "Register", "Register\Register.csproj", "{EB3D71AE-D993-4508-8133-6BC6A248565A}"
EndProject
Project("{2150E333-8FDC-42A3-9474-1A3956D46DE8}") = "Tool", "Tool", "{0E572FA3-7F76-4648-A126-D902739FFC1D}"
EndProject
Project("{9A19103F-16F7-4668-BE54-9A1E7A4F7556}") = "ToolHash", "ToolHash\ToolHash.csproj", "{25A301FA-857B-4E83-9816-C869FC2C6EA8}"
EndProject
Project("{9A19103F-16F7-4668-BE54-9A1E7A4F7556}") = "LambdaCore", "LambdaCore\LambdaCore.csproj", "{1D058204-3B54-44BA-98D7-06ACB9FA7D0F}"
EndProject
Project("{2150E333-8FDC-42A3-9474-1A3956D46DE8}") = "Test", "Test", "{666A4CF4-0F39-4E38-B717-281068419642}"
EndProject
Project("{9A19103F-16F7-4668-BE54-9A1E7A4F7556}") = "AboutMsg", "AboutMsg\AboutMsg.csproj", "{59069C4C-4794-4DD0-821C-F63E2943FAC1}"
EndProject
Project("{8BC9CEB8-8B4A-11D0-8D11-00A0C91BC942}") = "CudaTest", "CudaTest\CudaTest.vcxproj", "{8D2610AC-CF84-4DBF-9483-E896134538B5}"
EndProject
Project("{9A19103F-16F7-4668-BE54-9A1E7A4F7556}") = "LambdaDemo", "LambdaDemo\LambdaDemo.csproj", "{4E1CE5AB-9E49-4AF4-9AEE-816161838707}"
EndProject
Project("{9A19103F-16F7-4668-BE54-9A1E7A4F7556}") = "WpfApp1", "WpfApp1\WpfApp1.csproj", "{0B2B2E25-9390-4C21-B5DD-DCB53333019B}"
EndProject
Project("{9A19103F-16F7-4668-BE54-9A1E7A4F7556}") = "Global.Common", "Global.Common\Global.Common.csproj", "{EE1D5791-2390-4727-A1D2-61447D96502A}"
EndProject
Global
	GlobalSection(SolutionConfigurationPlatforms) = preSolution
		Debug|Any CPU = Debug|Any CPU
		Debug|x64 = Debug|x64
		Debug|x86 = Debug|x86
		Release|Any CPU = Release|Any CPU
		Release|x64 = Release|x64
		Release|x86 = Release|x86
	EndGlobalSection
	GlobalSection(ProjectConfigurationPlatforms) = postSolution
		{3427B9D6-9D53-4A46-9852-EA0DE59FAE43}.Debug|Any CPU.ActiveCfg = Debug|Any CPU
		{3427B9D6-9D53-4A46-9852-EA0DE59FAE43}.Debug|Any CPU.Build.0 = Debug|Any CPU
		{3427B9D6-9D53-4A46-9852-EA0DE59FAE43}.Debug|x64.ActiveCfg = Debug|x64
		{3427B9D6-9D53-4A46-9852-EA0DE59FAE43}.Debug|x64.Build.0 = Debug|x64
		{3427B9D6-9D53-4A46-9852-EA0DE59FAE43}.Debug|x86.ActiveCfg = Debug|Any CPU
		{3427B9D6-9D53-4A46-9852-EA0DE59FAE43}.Debug|x86.Build.0 = Debug|Any CPU
		{3427B9D6-9D53-4A46-9852-EA0DE59FAE43}.Release|Any CPU.ActiveCfg = Release|Any CPU
		{3427B9D6-9D53-4A46-9852-EA0DE59FAE43}.Release|Any CPU.Build.0 = Release|Any CPU
		{3427B9D6-9D53-4A46-9852-EA0DE59FAE43}.Release|x64.ActiveCfg = Release|x64
		{3427B9D6-9D53-4A46-9852-EA0DE59FAE43}.Release|x64.Build.0 = Release|x64
		{3427B9D6-9D53-4A46-9852-EA0DE59FAE43}.Release|x86.ActiveCfg = Release|Any CPU
		{3427B9D6-9D53-4A46-9852-EA0DE59FAE43}.Release|x86.Build.0 = Release|Any CPU
		{DD47EB51-DA4C-4E49-BC92-BA3E9EFCF84B}.Debug|Any CPU.ActiveCfg = Debug|Any CPU
		{DD47EB51-DA4C-4E49-BC92-BA3E9EFCF84B}.Debug|Any CPU.Build.0 = Debug|Any CPU
		{DD47EB51-DA4C-4E49-BC92-BA3E9EFCF84B}.Debug|x64.ActiveCfg = Debug|x64
		{DD47EB51-DA4C-4E49-BC92-BA3E9EFCF84B}.Debug|x64.Build.0 = Debug|x64
		{DD47EB51-DA4C-4E49-BC92-BA3E9EFCF84B}.Debug|x86.ActiveCfg = Debug|Any CPU
		{DD47EB51-DA4C-4E49-BC92-BA3E9EFCF84B}.Debug|x86.Build.0 = Debug|Any CPU
		{DD47EB51-DA4C-4E49-BC92-BA3E9EFCF84B}.Release|Any CPU.ActiveCfg = Release|Any CPU
		{DD47EB51-DA4C-4E49-BC92-BA3E9EFCF84B}.Release|Any CPU.Build.0 = Release|Any CPU
		{DD47EB51-DA4C-4E49-BC92-BA3E9EFCF84B}.Release|x64.ActiveCfg = Release|x64
		{DD47EB51-DA4C-4E49-BC92-BA3E9EFCF84B}.Release|x64.Build.0 = Release|x64
		{DD47EB51-DA4C-4E49-BC92-BA3E9EFCF84B}.Release|x86.ActiveCfg = Release|Any CPU
		{DD47EB51-DA4C-4E49-BC92-BA3E9EFCF84B}.Release|x86.Build.0 = Release|Any CPU
		{5C593C4B-5CD2-4666-8EBE-E337C84D7DF4}.Debug|Any CPU.ActiveCfg = Debug|Any CPU
		{5C593C4B-5CD2-4666-8EBE-E337C84D7DF4}.Debug|Any CPU.Build.0 = Debug|Any CPU
		{5C593C4B-5CD2-4666-8EBE-E337C84D7DF4}.Debug|x64.ActiveCfg = Debug|x64
		{5C593C4B-5CD2-4666-8EBE-E337C84D7DF4}.Debug|x64.Build.0 = Debug|x64
		{5C593C4B-5CD2-4666-8EBE-E337C84D7DF4}.Debug|x86.ActiveCfg = Debug|Any CPU
		{5C593C4B-5CD2-4666-8EBE-E337C84D7DF4}.Debug|x86.Build.0 = Debug|Any CPU
		{5C593C4B-5CD2-4666-8EBE-E337C84D7DF4}.Release|Any CPU.ActiveCfg = Release|Any CPU
		{5C593C4B-5CD2-4666-8EBE-E337C84D7DF4}.Release|Any CPU.Build.0 = Release|Any CPU
		{5C593C4B-5CD2-4666-8EBE-E337C84D7DF4}.Release|x64.ActiveCfg = Release|x64
		{5C593C4B-5CD2-4666-8EBE-E337C84D7DF4}.Release|x64.Build.0 = Release|x64
		{5C593C4B-5CD2-4666-8EBE-E337C84D7DF4}.Release|x86.ActiveCfg = Release|Any CPU
		{5C593C4B-5CD2-4666-8EBE-E337C84D7DF4}.Release|x86.Build.0 = Release|Any CPU
		{EE50A5A7-23FB-430F-BCE1-691CA08B67BD}.Debug|Any CPU.ActiveCfg = Debug|Any CPU
		{EE50A5A7-23FB-430F-BCE1-691CA08B67BD}.Debug|Any CPU.Build.0 = Debug|Any CPU
		{EE50A5A7-23FB-430F-BCE1-691CA08B67BD}.Debug|x64.ActiveCfg = Debug|x64
		{EE50A5A7-23FB-430F-BCE1-691CA08B67BD}.Debug|x64.Build.0 = Debug|x64
		{EE50A5A7-23FB-430F-BCE1-691CA08B67BD}.Debug|x86.ActiveCfg = Debug|Any CPU
		{EE50A5A7-23FB-430F-BCE1-691CA08B67BD}.Debug|x86.Build.0 = Debug|Any CPU
		{EE50A5A7-23FB-430F-BCE1-691CA08B67BD}.Release|Any CPU.ActiveCfg = Release|Any CPU
		{EE50A5A7-23FB-430F-BCE1-691CA08B67BD}.Release|Any CPU.Build.0 = Release|Any CPU
		{EE50A5A7-23FB-430F-BCE1-691CA08B67BD}.Release|x64.ActiveCfg = Release|x64
		{EE50A5A7-23FB-430F-BCE1-691CA08B67BD}.Release|x64.Build.0 = Release|x64
		{EE50A5A7-23FB-430F-BCE1-691CA08B67BD}.Release|x86.ActiveCfg = Release|Any CPU
		{EE50A5A7-23FB-430F-BCE1-691CA08B67BD}.Release|x86.Build.0 = Release|Any CPU
		{021D4E03-82FE-4B8B-90C5-91A5AD456248}.Debug|Any CPU.ActiveCfg = Debug|Any CPU
		{021D4E03-82FE-4B8B-90C5-91A5AD456248}.Debug|Any CPU.Build.0 = Debug|Any CPU
		{021D4E03-82FE-4B8B-90C5-91A5AD456248}.Debug|x64.ActiveCfg = Debug|x64
		{021D4E03-82FE-4B8B-90C5-91A5AD456248}.Debug|x64.Build.0 = Debug|x64
		{021D4E03-82FE-4B8B-90C5-91A5AD456248}.Debug|x86.ActiveCfg = Debug|Any CPU
		{021D4E03-82FE-4B8B-90C5-91A5AD456248}.Debug|x86.Build.0 = Debug|Any CPU
		{021D4E03-82FE-4B8B-90C5-91A5AD456248}.Release|Any CPU.ActiveCfg = Release|Any CPU
		{021D4E03-82FE-4B8B-90C5-91A5AD456248}.Release|Any CPU.Build.0 = Release|Any CPU
		{021D4E03-82FE-4B8B-90C5-91A5AD456248}.Release|x64.ActiveCfg = Release|x64
		{021D4E03-82FE-4B8B-90C5-91A5AD456248}.Release|x64.Build.0 = Release|x64
		{021D4E03-82FE-4B8B-90C5-91A5AD456248}.Release|x86.ActiveCfg = Release|Any CPU
		{021D4E03-82FE-4B8B-90C5-91A5AD456248}.Release|x86.Build.0 = Release|Any CPU
		{C359356E-F744-4B23-AA1A-14A3D9B85AAC}.Debug|Any CPU.ActiveCfg = Debug|Any CPU
		{C359356E-F744-4B23-AA1A-14A3D9B85AAC}.Debug|Any CPU.Build.0 = Debug|Any CPU
		{C359356E-F744-4B23-AA1A-14A3D9B85AAC}.Debug|x64.ActiveCfg = Debug|x64
		{C359356E-F744-4B23-AA1A-14A3D9B85AAC}.Debug|x64.Build.0 = Debug|x64
		{C359356E-F744-4B23-AA1A-14A3D9B85AAC}.Debug|x86.ActiveCfg = Debug|Any CPU
		{C359356E-F744-4B23-AA1A-14A3D9B85AAC}.Debug|x86.Build.0 = Debug|Any CPU
		{C359356E-F744-4B23-AA1A-14A3D9B85AAC}.Release|Any CPU.ActiveCfg = Release|Any CPU
		{C359356E-F744-4B23-AA1A-14A3D9B85AAC}.Release|Any CPU.Build.0 = Release|Any CPU
		{C359356E-F744-4B23-AA1A-14A3D9B85AAC}.Release|x64.ActiveCfg = Release|x64
		{C359356E-F744-4B23-AA1A-14A3D9B85AAC}.Release|x64.Build.0 = Release|x64
		{C359356E-F744-4B23-AA1A-14A3D9B85AAC}.Release|x86.ActiveCfg = Release|Any CPU
		{C359356E-F744-4B23-AA1A-14A3D9B85AAC}.Release|x86.Build.0 = Release|Any CPU
		{565B0BC5-117E-40E4-9CF4-8E0A6543D8E4}.Debug|Any CPU.ActiveCfg = Debug|x64
		{565B0BC5-117E-40E4-9CF4-8E0A6543D8E4}.Debug|Any CPU.Build.0 = Debug|x64
		{565B0BC5-117E-40E4-9CF4-8E0A6543D8E4}.Debug|x64.ActiveCfg = Release|x64
		{565B0BC5-117E-40E4-9CF4-8E0A6543D8E4}.Debug|x64.Build.0 = Release|x64
		{565B0BC5-117E-40E4-9CF4-8E0A6543D8E4}.Debug|x86.ActiveCfg = Debug|Win32
		{565B0BC5-117E-40E4-9CF4-8E0A6543D8E4}.Debug|x86.Build.0 = Debug|Win32
		{565B0BC5-117E-40E4-9CF4-8E0A6543D8E4}.Release|Any CPU.ActiveCfg = Release|x64
		{565B0BC5-117E-40E4-9CF4-8E0A6543D8E4}.Release|Any CPU.Build.0 = Release|x64
		{565B0BC5-117E-40E4-9CF4-8E0A6543D8E4}.Release|x64.ActiveCfg = Release|x64
		{565B0BC5-117E-40E4-9CF4-8E0A6543D8E4}.Release|x64.Build.0 = Release|x64
		{565B0BC5-117E-40E4-9CF4-8E0A6543D8E4}.Release|x86.ActiveCfg = Release|Win32
		{565B0BC5-117E-40E4-9CF4-8E0A6543D8E4}.Release|x86.Build.0 = Release|Win32
		{3D066BC1-F14A-4361-9E3A-893F7631175B}.Debug|Any CPU.ActiveCfg = Debug|Any CPU
		{3D066BC1-F14A-4361-9E3A-893F7631175B}.Debug|Any CPU.Build.0 = Debug|Any CPU
		{3D066BC1-F14A-4361-9E3A-893F7631175B}.Debug|x64.ActiveCfg = Debug|x64
		{3D066BC1-F14A-4361-9E3A-893F7631175B}.Debug|x64.Build.0 = Debug|x64
		{3D066BC1-F14A-4361-9E3A-893F7631175B}.Debug|x86.ActiveCfg = Debug|Any CPU
		{3D066BC1-F14A-4361-9E3A-893F7631175B}.Debug|x86.Build.0 = Debug|Any CPU
		{3D066BC1-F14A-4361-9E3A-893F7631175B}.Release|Any CPU.ActiveCfg = Release|Any CPU
		{3D066BC1-F14A-4361-9E3A-893F7631175B}.Release|Any CPU.Build.0 = Release|Any CPU
		{3D066BC1-F14A-4361-9E3A-893F7631175B}.Release|x64.ActiveCfg = Release|x64
		{3D066BC1-F14A-4361-9E3A-893F7631175B}.Release|x64.Build.0 = Release|x64
		{3D066BC1-F14A-4361-9E3A-893F7631175B}.Release|x86.ActiveCfg = Release|Any CPU
		{3D066BC1-F14A-4361-9E3A-893F7631175B}.Release|x86.Build.0 = Release|Any CPU
		{C6D8A524-9FB5-4668-AD38-53A87448B8E3}.Debug|Any CPU.ActiveCfg = Debug|Any CPU
		{C6D8A524-9FB5-4668-AD38-53A87448B8E3}.Debug|Any CPU.Build.0 = Debug|Any CPU
		{C6D8A524-9FB5-4668-AD38-53A87448B8E3}.Debug|x64.ActiveCfg = Debug|x64
		{C6D8A524-9FB5-4668-AD38-53A87448B8E3}.Debug|x64.Build.0 = Debug|x64
		{C6D8A524-9FB5-4668-AD38-53A87448B8E3}.Debug|x86.ActiveCfg = Debug|Any CPU
		{C6D8A524-9FB5-4668-AD38-53A87448B8E3}.Debug|x86.Build.0 = Debug|Any CPU
		{C6D8A524-9FB5-4668-AD38-53A87448B8E3}.Release|Any CPU.ActiveCfg = Release|Any CPU
		{C6D8A524-9FB5-4668-AD38-53A87448B8E3}.Release|Any CPU.Build.0 = Release|Any CPU
		{C6D8A524-9FB5-4668-AD38-53A87448B8E3}.Release|x64.ActiveCfg = Release|x64
		{C6D8A524-9FB5-4668-AD38-53A87448B8E3}.Release|x64.Build.0 = Release|x64
		{C6D8A524-9FB5-4668-AD38-53A87448B8E3}.Release|x86.ActiveCfg = Release|Any CPU
		{C6D8A524-9FB5-4668-AD38-53A87448B8E3}.Release|x86.Build.0 = Release|Any CPU
		{B21710A3-6DD8-442B-8AAA-F868960A3C9A}.Debug|Any CPU.ActiveCfg = Debug|Any CPU
		{B21710A3-6DD8-442B-8AAA-F868960A3C9A}.Debug|Any CPU.Build.0 = Debug|Any CPU
		{B21710A3-6DD8-442B-8AAA-F868960A3C9A}.Debug|x64.ActiveCfg = Debug|x64
		{B21710A3-6DD8-442B-8AAA-F868960A3C9A}.Debug|x64.Build.0 = Debug|x64
		{B21710A3-6DD8-442B-8AAA-F868960A3C9A}.Debug|x86.ActiveCfg = Debug|Any CPU
		{B21710A3-6DD8-442B-8AAA-F868960A3C9A}.Debug|x86.Build.0 = Debug|Any CPU
		{B21710A3-6DD8-442B-8AAA-F868960A3C9A}.Release|Any CPU.ActiveCfg = Release|Any CPU
		{B21710A3-6DD8-442B-8AAA-F868960A3C9A}.Release|Any CPU.Build.0 = Release|Any CPU
		{B21710A3-6DD8-442B-8AAA-F868960A3C9A}.Release|x64.ActiveCfg = Release|x64
		{B21710A3-6DD8-442B-8AAA-F868960A3C9A}.Release|x64.Build.0 = Release|x64
		{B21710A3-6DD8-442B-8AAA-F868960A3C9A}.Release|x86.ActiveCfg = Release|Any CPU
		{B21710A3-6DD8-442B-8AAA-F868960A3C9A}.Release|x86.Build.0 = Release|Any CPU
		{9775502E-8304-44A4-9020-AA971AC71B90}.Debug|Any CPU.ActiveCfg = Debug|Any CPU
		{9775502E-8304-44A4-9020-AA971AC71B90}.Debug|Any CPU.Build.0 = Debug|Any CPU
		{9775502E-8304-44A4-9020-AA971AC71B90}.Debug|x64.ActiveCfg = Debug|x64
		{9775502E-8304-44A4-9020-AA971AC71B90}.Debug|x64.Build.0 = Debug|x64
		{9775502E-8304-44A4-9020-AA971AC71B90}.Debug|x86.ActiveCfg = Debug|Any CPU
		{9775502E-8304-44A4-9020-AA971AC71B90}.Debug|x86.Build.0 = Debug|Any CPU
		{9775502E-8304-44A4-9020-AA971AC71B90}.Release|Any CPU.ActiveCfg = Release|Any CPU
		{9775502E-8304-44A4-9020-AA971AC71B90}.Release|Any CPU.Build.0 = Release|Any CPU
		{9775502E-8304-44A4-9020-AA971AC71B90}.Release|x64.ActiveCfg = Release|x64
		{9775502E-8304-44A4-9020-AA971AC71B90}.Release|x64.Build.0 = Release|x64
		{9775502E-8304-44A4-9020-AA971AC71B90}.Release|x86.ActiveCfg = Release|Any CPU
		{9775502E-8304-44A4-9020-AA971AC71B90}.Release|x86.Build.0 = Release|Any CPU
		{A093B8FF-C9B8-43B0-A6FB-F733340004DF}.Debug|Any CPU.ActiveCfg = Debug|x64
		{A093B8FF-C9B8-43B0-A6FB-F733340004DF}.Debug|Any CPU.Build.0 = Debug|x64
		{A093B8FF-C9B8-43B0-A6FB-F733340004DF}.Debug|x64.ActiveCfg = Release|x64
		{A093B8FF-C9B8-43B0-A6FB-F733340004DF}.Debug|x64.Build.0 = Release|x64
		{A093B8FF-C9B8-43B0-A6FB-F733340004DF}.Debug|x86.ActiveCfg = Debug|Win32
		{A093B8FF-C9B8-43B0-A6FB-F733340004DF}.Debug|x86.Build.0 = Debug|Win32
		{A093B8FF-C9B8-43B0-A6FB-F733340004DF}.Release|Any CPU.ActiveCfg = Release|x64
		{A093B8FF-C9B8-43B0-A6FB-F733340004DF}.Release|Any CPU.Build.0 = Release|x64
		{A093B8FF-C9B8-43B0-A6FB-F733340004DF}.Release|x64.ActiveCfg = Release|x64
		{A093B8FF-C9B8-43B0-A6FB-F733340004DF}.Release|x64.Build.0 = Release|x64
		{A093B8FF-C9B8-43B0-A6FB-F733340004DF}.Release|x86.ActiveCfg = Release|Win32
		{A093B8FF-C9B8-43B0-A6FB-F733340004DF}.Release|x86.Build.0 = Release|Win32
		{F58C6C99-CBED-44B0-B7A4-A94BD9A4EE73}.Debug|Any CPU.ActiveCfg = Debug|x64
		{F58C6C99-CBED-44B0-B7A4-A94BD9A4EE73}.Debug|Any CPU.Build.0 = Debug|x64
		{F58C6C99-CBED-44B0-B7A4-A94BD9A4EE73}.Debug|x64.ActiveCfg = Release|x64
		{F58C6C99-CBED-44B0-B7A4-A94BD9A4EE73}.Debug|x64.Build.0 = Release|x64
		{F58C6C99-CBED-44B0-B7A4-A94BD9A4EE73}.Debug|x86.ActiveCfg = Debug|Win32
		{F58C6C99-CBED-44B0-B7A4-A94BD9A4EE73}.Debug|x86.Build.0 = Debug|Win32
		{F58C6C99-CBED-44B0-B7A4-A94BD9A4EE73}.Release|Any CPU.ActiveCfg = Release|x64
		{F58C6C99-CBED-44B0-B7A4-A94BD9A4EE73}.Release|Any CPU.Build.0 = Release|x64
		{F58C6C99-CBED-44B0-B7A4-A94BD9A4EE73}.Release|x64.ActiveCfg = Release|x64
		{F58C6C99-CBED-44B0-B7A4-A94BD9A4EE73}.Release|x64.Build.0 = Release|x64
		{F58C6C99-CBED-44B0-B7A4-A94BD9A4EE73}.Release|x86.ActiveCfg = Release|Win32
		{F58C6C99-CBED-44B0-B7A4-A94BD9A4EE73}.Release|x86.Build.0 = Release|Win32
		{AE173EBB-2962-4A25-A8D7-28C3DAA2401E}.Debug|Any CPU.ActiveCfg = Debug|x64
		{AE173EBB-2962-4A25-A8D7-28C3DAA2401E}.Debug|Any CPU.Build.0 = Debug|x64
		{AE173EBB-2962-4A25-A8D7-28C3DAA2401E}.Debug|x64.ActiveCfg = Release|x64
		{AE173EBB-2962-4A25-A8D7-28C3DAA2401E}.Debug|x64.Build.0 = Release|x64
		{AE173EBB-2962-4A25-A8D7-28C3DAA2401E}.Debug|x86.ActiveCfg = Debug|Win32
		{AE173EBB-2962-4A25-A8D7-28C3DAA2401E}.Debug|x86.Build.0 = Debug|Win32
		{AE173EBB-2962-4A25-A8D7-28C3DAA2401E}.Release|Any CPU.ActiveCfg = Release|x64
		{AE173EBB-2962-4A25-A8D7-28C3DAA2401E}.Release|Any CPU.Build.0 = Release|x64
		{AE173EBB-2962-4A25-A8D7-28C3DAA2401E}.Release|x64.ActiveCfg = Release|x64
		{AE173EBB-2962-4A25-A8D7-28C3DAA2401E}.Release|x64.Build.0 = Release|x64
		{AE173EBB-2962-4A25-A8D7-28C3DAA2401E}.Release|x86.ActiveCfg = Release|Win32
		{AE173EBB-2962-4A25-A8D7-28C3DAA2401E}.Release|x86.Build.0 = Release|Win32
		{781DAB08-B5DF-4596-AC5A-5F8510C4E0B7}.Debug|Any CPU.ActiveCfg = Debug|x64
		{781DAB08-B5DF-4596-AC5A-5F8510C4E0B7}.Debug|Any CPU.Build.0 = Debug|x64
		{781DAB08-B5DF-4596-AC5A-5F8510C4E0B7}.Debug|x64.ActiveCfg = Release|x64
		{781DAB08-B5DF-4596-AC5A-5F8510C4E0B7}.Debug|x64.Build.0 = Release|x64
		{781DAB08-B5DF-4596-AC5A-5F8510C4E0B7}.Debug|x86.ActiveCfg = Debug|Win32
		{781DAB08-B5DF-4596-AC5A-5F8510C4E0B7}.Debug|x86.Build.0 = Debug|Win32
		{781DAB08-B5DF-4596-AC5A-5F8510C4E0B7}.Release|Any CPU.ActiveCfg = Release|x64
		{781DAB08-B5DF-4596-AC5A-5F8510C4E0B7}.Release|Any CPU.Build.0 = Release|x64
		{781DAB08-B5DF-4596-AC5A-5F8510C4E0B7}.Release|x64.ActiveCfg = Release|x64
		{781DAB08-B5DF-4596-AC5A-5F8510C4E0B7}.Release|x64.Build.0 = Release|x64
		{781DAB08-B5DF-4596-AC5A-5F8510C4E0B7}.Release|x86.ActiveCfg = Release|Win32
		{781DAB08-B5DF-4596-AC5A-5F8510C4E0B7}.Release|x86.Build.0 = Release|Win32
		{6A4C3DF4-918A-4262-94B5-4036C8340D35}.Debug|Any CPU.ActiveCfg = Debug|x64
		{6A4C3DF4-918A-4262-94B5-4036C8340D35}.Debug|Any CPU.Build.0 = Debug|x64
		{6A4C3DF4-918A-4262-94B5-4036C8340D35}.Debug|x64.ActiveCfg = Release|x64
		{6A4C3DF4-918A-4262-94B5-4036C8340D35}.Debug|x64.Build.0 = Release|x64
		{6A4C3DF4-918A-4262-94B5-4036C8340D35}.Debug|x86.ActiveCfg = Debug|Win32
		{6A4C3DF4-918A-4262-94B5-4036C8340D35}.Debug|x86.Build.0 = Debug|Win32
		{6A4C3DF4-918A-4262-94B5-4036C8340D35}.Release|Any CPU.ActiveCfg = Release|x64
		{6A4C3DF4-918A-4262-94B5-4036C8340D35}.Release|Any CPU.Build.0 = Release|x64
		{6A4C3DF4-918A-4262-94B5-4036C8340D35}.Release|x64.ActiveCfg = Release|x64
		{6A4C3DF4-918A-4262-94B5-4036C8340D35}.Release|x64.Build.0 = Release|x64
		{6A4C3DF4-918A-4262-94B5-4036C8340D35}.Release|x86.ActiveCfg = Release|Win32
		{6A4C3DF4-918A-4262-94B5-4036C8340D35}.Release|x86.Build.0 = Release|Win32
		{07E63B9A-05D4-4769-8642-2D43A169EE8E}.Debug|Any CPU.ActiveCfg = Debug|x64
		{07E63B9A-05D4-4769-8642-2D43A169EE8E}.Debug|Any CPU.Build.0 = Debug|x64
		{07E63B9A-05D4-4769-8642-2D43A169EE8E}.Debug|x64.ActiveCfg = Release|x64
		{07E63B9A-05D4-4769-8642-2D43A169EE8E}.Debug|x64.Build.0 = Release|x64
		{07E63B9A-05D4-4769-8642-2D43A169EE8E}.Debug|x86.ActiveCfg = Debug|Win32
		{07E63B9A-05D4-4769-8642-2D43A169EE8E}.Debug|x86.Build.0 = Debug|Win32
		{07E63B9A-05D4-4769-8642-2D43A169EE8E}.Release|Any CPU.ActiveCfg = Release|x64
		{07E63B9A-05D4-4769-8642-2D43A169EE8E}.Release|Any CPU.Build.0 = Release|x64
		{07E63B9A-05D4-4769-8642-2D43A169EE8E}.Release|x64.ActiveCfg = Release|x64
		{07E63B9A-05D4-4769-8642-2D43A169EE8E}.Release|x64.Build.0 = Release|x64
		{07E63B9A-05D4-4769-8642-2D43A169EE8E}.Release|x86.ActiveCfg = Release|Win32
		{07E63B9A-05D4-4769-8642-2D43A169EE8E}.Release|x86.Build.0 = Release|Win32
		{257097AC-30F8-4BFF-9672-2F52B0BB5AA9}.Debug|Any CPU.ActiveCfg = Debug|x64
		{257097AC-30F8-4BFF-9672-2F52B0BB5AA9}.Debug|Any CPU.Build.0 = Debug|x64
		{257097AC-30F8-4BFF-9672-2F52B0BB5AA9}.Debug|x64.ActiveCfg = Release|x64
		{257097AC-30F8-4BFF-9672-2F52B0BB5AA9}.Debug|x64.Build.0 = Release|x64
		{257097AC-30F8-4BFF-9672-2F52B0BB5AA9}.Debug|x86.ActiveCfg = Debug|Win32
		{257097AC-30F8-4BFF-9672-2F52B0BB5AA9}.Debug|x86.Build.0 = Debug|Win32
		{257097AC-30F8-4BFF-9672-2F52B0BB5AA9}.Release|Any CPU.ActiveCfg = Release|x64
		{257097AC-30F8-4BFF-9672-2F52B0BB5AA9}.Release|Any CPU.Build.0 = Release|x64
		{257097AC-30F8-4BFF-9672-2F52B0BB5AA9}.Release|x64.ActiveCfg = Release|x64
		{257097AC-30F8-4BFF-9672-2F52B0BB5AA9}.Release|x64.Build.0 = Release|x64
		{257097AC-30F8-4BFF-9672-2F52B0BB5AA9}.Release|x86.ActiveCfg = Release|Win32
		{257097AC-30F8-4BFF-9672-2F52B0BB5AA9}.Release|x86.Build.0 = Release|Win32
		{8983C0A3-B289-4C49-9E7C-A2A9A53607E6}.Debug|Any CPU.ActiveCfg = Debug|Any CPU
		{8983C0A3-B289-4C49-9E7C-A2A9A53607E6}.Debug|Any CPU.Build.0 = Debug|Any CPU
		{8983C0A3-B289-4C49-9E7C-A2A9A53607E6}.Debug|x64.ActiveCfg = Debug|x64
		{8983C0A3-B289-4C49-9E7C-A2A9A53607E6}.Debug|x64.Build.0 = Debug|x64
		{8983C0A3-B289-4C49-9E7C-A2A9A53607E6}.Debug|x86.ActiveCfg = Debug|Any CPU
		{8983C0A3-B289-4C49-9E7C-A2A9A53607E6}.Debug|x86.Build.0 = Debug|Any CPU
		{8983C0A3-B289-4C49-9E7C-A2A9A53607E6}.Release|Any CPU.ActiveCfg = Release|Any CPU
		{8983C0A3-B289-4C49-9E7C-A2A9A53607E6}.Release|Any CPU.Build.0 = Release|Any CPU
		{8983C0A3-B289-4C49-9E7C-A2A9A53607E6}.Release|x64.ActiveCfg = Release|x64
		{8983C0A3-B289-4C49-9E7C-A2A9A53607E6}.Release|x64.Build.0 = Release|x64
		{8983C0A3-B289-4C49-9E7C-A2A9A53607E6}.Release|x86.ActiveCfg = Release|Any CPU
		{8983C0A3-B289-4C49-9E7C-A2A9A53607E6}.Release|x86.Build.0 = Release|Any CPU
		{8E6C2230-4721-4ECE-AF12-67E3BC2B35D7}.Debug|Any CPU.ActiveCfg = Debug|x64
		{8E6C2230-4721-4ECE-AF12-67E3BC2B35D7}.Debug|Any CPU.Build.0 = Debug|x64
		{8E6C2230-4721-4ECE-AF12-67E3BC2B35D7}.Debug|x64.ActiveCfg = Release|x64
		{8E6C2230-4721-4ECE-AF12-67E3BC2B35D7}.Debug|x64.Build.0 = Release|x64
		{8E6C2230-4721-4ECE-AF12-67E3BC2B35D7}.Debug|x86.ActiveCfg = Debug|Win32
		{8E6C2230-4721-4ECE-AF12-67E3BC2B35D7}.Debug|x86.Build.0 = Debug|Win32
		{8E6C2230-4721-4ECE-AF12-67E3BC2B35D7}.Release|Any CPU.ActiveCfg = Release|x64
		{8E6C2230-4721-4ECE-AF12-67E3BC2B35D7}.Release|Any CPU.Build.0 = Release|x64
		{8E6C2230-4721-4ECE-AF12-67E3BC2B35D7}.Release|x64.ActiveCfg = Release|x64
		{8E6C2230-4721-4ECE-AF12-67E3BC2B35D7}.Release|x64.Build.0 = Release|x64
		{8E6C2230-4721-4ECE-AF12-67E3BC2B35D7}.Release|x86.ActiveCfg = Release|Win32
		{8E6C2230-4721-4ECE-AF12-67E3BC2B35D7}.Release|x86.Build.0 = Release|Win32
		{C00C5264-012C-424E-AB0C-A1E30795D66A}.Debug|Any CPU.ActiveCfg = Debug|Any CPU
		{C00C5264-012C-424E-AB0C-A1E30795D66A}.Debug|Any CPU.Build.0 = Debug|Any CPU
		{C00C5264-012C-424E-AB0C-A1E30795D66A}.Debug|x64.ActiveCfg = Debug|x64
		{C00C5264-012C-424E-AB0C-A1E30795D66A}.Debug|x64.Build.0 = Debug|x64
		{C00C5264-012C-424E-AB0C-A1E30795D66A}.Debug|x86.ActiveCfg = Debug|Any CPU
		{C00C5264-012C-424E-AB0C-A1E30795D66A}.Debug|x86.Build.0 = Debug|Any CPU
		{C00C5264-012C-424E-AB0C-A1E30795D66A}.Release|Any CPU.ActiveCfg = Release|Any CPU
		{C00C5264-012C-424E-AB0C-A1E30795D66A}.Release|Any CPU.Build.0 = Release|Any CPU
		{C00C5264-012C-424E-AB0C-A1E30795D66A}.Release|x64.ActiveCfg = Release|x64
		{C00C5264-012C-424E-AB0C-A1E30795D66A}.Release|x64.Build.0 = Release|x64
		{C00C5264-012C-424E-AB0C-A1E30795D66A}.Release|x86.ActiveCfg = Release|Any CPU
		{C00C5264-012C-424E-AB0C-A1E30795D66A}.Release|x86.Build.0 = Release|Any CPU
		{EB3D71AE-D993-4508-8133-6BC6A248565A}.Debug|Any CPU.ActiveCfg = Debug|Any CPU
		{EB3D71AE-D993-4508-8133-6BC6A248565A}.Debug|Any CPU.Build.0 = Debug|Any CPU
		{EB3D71AE-D993-4508-8133-6BC6A248565A}.Debug|x64.ActiveCfg = Debug|x64
		{EB3D71AE-D993-4508-8133-6BC6A248565A}.Debug|x64.Build.0 = Debug|x64
		{EB3D71AE-D993-4508-8133-6BC6A248565A}.Debug|x86.ActiveCfg = Debug|Any CPU
		{EB3D71AE-D993-4508-8133-6BC6A248565A}.Debug|x86.Build.0 = Debug|Any CPU
		{EB3D71AE-D993-4508-8133-6BC6A248565A}.Release|Any CPU.ActiveCfg = Release|Any CPU
		{EB3D71AE-D993-4508-8133-6BC6A248565A}.Release|Any CPU.Build.0 = Release|Any CPU
		{EB3D71AE-D993-4508-8133-6BC6A248565A}.Release|x64.ActiveCfg = Release|x64
		{EB3D71AE-D993-4508-8133-6BC6A248565A}.Release|x64.Build.0 = Release|x64
		{EB3D71AE-D993-4508-8133-6BC6A248565A}.Release|x86.ActiveCfg = Release|Any CPU
		{EB3D71AE-D993-4508-8133-6BC6A248565A}.Release|x86.Build.0 = Release|Any CPU
		{25A301FA-857B-4E83-9816-C869FC2C6EA8}.Debug|Any CPU.ActiveCfg = Debug|Any CPU
		{25A301FA-857B-4E83-9816-C869FC2C6EA8}.Debug|Any CPU.Build.0 = Debug|Any CPU
		{25A301FA-857B-4E83-9816-C869FC2C6EA8}.Debug|x64.ActiveCfg = Debug|x64
		{25A301FA-857B-4E83-9816-C869FC2C6EA8}.Debug|x64.Build.0 = Debug|x64
		{25A301FA-857B-4E83-9816-C869FC2C6EA8}.Debug|x86.ActiveCfg = Debug|Any CPU
		{25A301FA-857B-4E83-9816-C869FC2C6EA8}.Debug|x86.Build.0 = Debug|Any CPU
		{25A301FA-857B-4E83-9816-C869FC2C6EA8}.Release|Any CPU.ActiveCfg = Release|Any CPU
		{25A301FA-857B-4E83-9816-C869FC2C6EA8}.Release|Any CPU.Build.0 = Release|Any CPU
		{25A301FA-857B-4E83-9816-C869FC2C6EA8}.Release|x64.ActiveCfg = Release|x64
		{25A301FA-857B-4E83-9816-C869FC2C6EA8}.Release|x64.Build.0 = Release|x64
		{25A301FA-857B-4E83-9816-C869FC2C6EA8}.Release|x86.ActiveCfg = Release|Any CPU
		{25A301FA-857B-4E83-9816-C869FC2C6EA8}.Release|x86.Build.0 = Release|Any CPU
		{1D058204-3B54-44BA-98D7-06ACB9FA7D0F}.Debug|Any CPU.ActiveCfg = Debug|Any CPU
		{1D058204-3B54-44BA-98D7-06ACB9FA7D0F}.Debug|Any CPU.Build.0 = Debug|Any CPU
		{1D058204-3B54-44BA-98D7-06ACB9FA7D0F}.Debug|x64.ActiveCfg = Debug|x64
		{1D058204-3B54-44BA-98D7-06ACB9FA7D0F}.Debug|x64.Build.0 = Debug|x64
		{1D058204-3B54-44BA-98D7-06ACB9FA7D0F}.Debug|x86.ActiveCfg = Debug|Any CPU
		{1D058204-3B54-44BA-98D7-06ACB9FA7D0F}.Debug|x86.Build.0 = Debug|Any CPU
		{1D058204-3B54-44BA-98D7-06ACB9FA7D0F}.Release|Any CPU.ActiveCfg = Release|Any CPU
		{1D058204-3B54-44BA-98D7-06ACB9FA7D0F}.Release|Any CPU.Build.0 = Release|Any CPU
		{1D058204-3B54-44BA-98D7-06ACB9FA7D0F}.Release|x64.ActiveCfg = Release|x64
		{1D058204-3B54-44BA-98D7-06ACB9FA7D0F}.Release|x64.Build.0 = Release|x64
		{1D058204-3B54-44BA-98D7-06ACB9FA7D0F}.Release|x86.ActiveCfg = Release|Any CPU
		{1D058204-3B54-44BA-98D7-06ACB9FA7D0F}.Release|x86.Build.0 = Release|Any CPU
		{59069C4C-4794-4DD0-821C-F63E2943FAC1}.Debug|Any CPU.ActiveCfg = Debug|Any CPU
		{59069C4C-4794-4DD0-821C-F63E2943FAC1}.Debug|Any CPU.Build.0 = Debug|Any CPU
		{59069C4C-4794-4DD0-821C-F63E2943FAC1}.Debug|x64.ActiveCfg = Debug|x64
		{59069C4C-4794-4DD0-821C-F63E2943FAC1}.Debug|x64.Build.0 = Debug|x64
		{59069C4C-4794-4DD0-821C-F63E2943FAC1}.Debug|x86.ActiveCfg = Debug|Any CPU
		{59069C4C-4794-4DD0-821C-F63E2943FAC1}.Debug|x86.Build.0 = Debug|Any CPU
		{59069C4C-4794-4DD0-821C-F63E2943FAC1}.Release|Any CPU.ActiveCfg = Release|Any CPU
		{59069C4C-4794-4DD0-821C-F63E2943FAC1}.Release|Any CPU.Build.0 = Release|Any CPU
		{59069C4C-4794-4DD0-821C-F63E2943FAC1}.Release|x64.ActiveCfg = Release|x64
		{59069C4C-4794-4DD0-821C-F63E2943FAC1}.Release|x64.Build.0 = Release|x64
		{59069C4C-4794-4DD0-821C-F63E2943FAC1}.Release|x86.ActiveCfg = Release|Any CPU
		{59069C4C-4794-4DD0-821C-F63E2943FAC1}.Release|x86.Build.0 = Release|Any CPU
		{8D2610AC-CF84-4DBF-9483-E896134538B5}.Debug|Any CPU.ActiveCfg = Debug|x64
		{8D2610AC-CF84-4DBF-9483-E896134538B5}.Debug|Any CPU.Build.0 = Debug|x64
		{8D2610AC-CF84-4DBF-9483-E896134538B5}.Debug|x64.ActiveCfg = Release|x64
		{8D2610AC-CF84-4DBF-9483-E896134538B5}.Debug|x64.Build.0 = Release|x64
		{8D2610AC-CF84-4DBF-9483-E896134538B5}.Debug|x86.ActiveCfg = Debug|Win32
		{8D2610AC-CF84-4DBF-9483-E896134538B5}.Debug|x86.Build.0 = Debug|Win32
		{8D2610AC-CF84-4DBF-9483-E896134538B5}.Release|Any CPU.ActiveCfg = Release|x64
		{8D2610AC-CF84-4DBF-9483-E896134538B5}.Release|Any CPU.Build.0 = Release|x64
		{8D2610AC-CF84-4DBF-9483-E896134538B5}.Release|x64.ActiveCfg = Release|x64
		{8D2610AC-CF84-4DBF-9483-E896134538B5}.Release|x64.Build.0 = Release|x64
		{8D2610AC-CF84-4DBF-9483-E896134538B5}.Release|x86.ActiveCfg = Release|Win32
		{8D2610AC-CF84-4DBF-9483-E896134538B5}.Release|x86.Build.0 = Release|Win32
		{4E1CE5AB-9E49-4AF4-9AEE-816161838707}.Debug|Any CPU.ActiveCfg = Debug|Any CPU
		{4E1CE5AB-9E49-4AF4-9AEE-816161838707}.Debug|Any CPU.Build.0 = Debug|Any CPU
		{4E1CE5AB-9E49-4AF4-9AEE-816161838707}.Debug|x64.ActiveCfg = Debug|x64
		{4E1CE5AB-9E49-4AF4-9AEE-816161838707}.Debug|x64.Build.0 = Debug|x64
		{4E1CE5AB-9E49-4AF4-9AEE-816161838707}.Debug|x86.ActiveCfg = Debug|Any CPU
		{4E1CE5AB-9E49-4AF4-9AEE-816161838707}.Debug|x86.Build.0 = Debug|Any CPU
		{4E1CE5AB-9E49-4AF4-9AEE-816161838707}.Release|Any CPU.ActiveCfg = Release|Any CPU
		{4E1CE5AB-9E49-4AF4-9AEE-816161838707}.Release|Any CPU.Build.0 = Release|Any CPU
		{4E1CE5AB-9E49-4AF4-9AEE-816161838707}.Release|x64.ActiveCfg = Release|x64
		{4E1CE5AB-9E49-4AF4-9AEE-816161838707}.Release|x64.Build.0 = Release|x64
		{4E1CE5AB-9E49-4AF4-9AEE-816161838707}.Release|x86.ActiveCfg = Release|Any CPU
		{4E1CE5AB-9E49-4AF4-9AEE-816161838707}.Release|x86.Build.0 = Release|Any CPU
		{0B2B2E25-9390-4C21-B5DD-DCB53333019B}.Debug|Any CPU.ActiveCfg = Debug|Any CPU
		{0B2B2E25-9390-4C21-B5DD-DCB53333019B}.Debug|Any CPU.Build.0 = Debug|Any CPU
		{0B2B2E25-9390-4C21-B5DD-DCB53333019B}.Debug|x64.ActiveCfg = Debug|Any CPU
		{0B2B2E25-9390-4C21-B5DD-DCB53333019B}.Debug|x64.Build.0 = Debug|Any CPU
		{0B2B2E25-9390-4C21-B5DD-DCB53333019B}.Debug|x86.ActiveCfg = Debug|Any CPU
		{0B2B2E25-9390-4C21-B5DD-DCB53333019B}.Debug|x86.Build.0 = Debug|Any CPU
		{0B2B2E25-9390-4C21-B5DD-DCB53333019B}.Release|Any CPU.ActiveCfg = Release|Any CPU
		{0B2B2E25-9390-4C21-B5DD-DCB53333019B}.Release|Any CPU.Build.0 = Release|Any CPU
		{0B2B2E25-9390-4C21-B5DD-DCB53333019B}.Release|x64.ActiveCfg = Release|Any CPU
		{0B2B2E25-9390-4C21-B5DD-DCB53333019B}.Release|x64.Build.0 = Release|Any CPU
		{0B2B2E25-9390-4C21-B5DD-DCB53333019B}.Release|x86.ActiveCfg = Release|Any CPU
		{0B2B2E25-9390-4C21-B5DD-DCB53333019B}.Release|x86.Build.0 = Release|Any CPU
		{EE1D5791-2390-4727-A1D2-61447D96502A}.Debug|Any CPU.ActiveCfg = Debug|Any CPU
		{EE1D5791-2390-4727-A1D2-61447D96502A}.Debug|Any CPU.Build.0 = Debug|Any CPU
		{EE1D5791-2390-4727-A1D2-61447D96502A}.Debug|x64.ActiveCfg = Debug|Any CPU
		{EE1D5791-2390-4727-A1D2-61447D96502A}.Debug|x64.Build.0 = Debug|Any CPU
		{EE1D5791-2390-4727-A1D2-61447D96502A}.Debug|x86.ActiveCfg = Debug|Any CPU
		{EE1D5791-2390-4727-A1D2-61447D96502A}.Debug|x86.Build.0 = Debug|Any CPU
		{EE1D5791-2390-4727-A1D2-61447D96502A}.Release|Any CPU.ActiveCfg = Release|Any CPU
		{EE1D5791-2390-4727-A1D2-61447D96502A}.Release|Any CPU.Build.0 = Release|Any CPU
		{EE1D5791-2390-4727-A1D2-61447D96502A}.Release|x64.ActiveCfg = Release|Any CPU
		{EE1D5791-2390-4727-A1D2-61447D96502A}.Release|x64.Build.0 = Release|Any CPU
		{EE1D5791-2390-4727-A1D2-61447D96502A}.Release|x86.ActiveCfg = Release|Any CPU
		{EE1D5791-2390-4727-A1D2-61447D96502A}.Release|x86.Build.0 = Release|Any CPU
	EndGlobalSection
	GlobalSection(SolutionProperties) = preSolution
		HideSolutionNode = FALSE
	EndGlobalSection
	GlobalSection(NestedProjects) = preSolution
		{3427B9D6-9D53-4A46-9852-EA0DE59FAE43} = {A9FBFE46-0F03-4B3A-A5DE-D908337186C1}
		{DD47EB51-DA4C-4E49-BC92-BA3E9EFCF84B} = {6E51A8F0-0397-40E7-8B41-0A99C2C21CDA}
		{5C593C4B-5CD2-4666-8EBE-E337C84D7DF4} = {6E51A8F0-0397-40E7-8B41-0A99C2C21CDA}
		{EE50A5A7-23FB-430F-BCE1-691CA08B67BD} = {A9FBFE46-0F03-4B3A-A5DE-D908337186C1}
		{021D4E03-82FE-4B8B-90C5-91A5AD456248} = {6E51A8F0-0397-40E7-8B41-0A99C2C21CDA}
		{C359356E-F744-4B23-AA1A-14A3D9B85AAC} = {6E51A8F0-0397-40E7-8B41-0A99C2C21CDA}
		{565B0BC5-117E-40E4-9CF4-8E0A6543D8E4} = {2F3D1C23-A6EF-4792-8F71-3AECFA31A1D4}
		{3D066BC1-F14A-4361-9E3A-893F7631175B} = {CC574C99-8235-4EBC-98A8-88A264EA3474}
		{C6D8A524-9FB5-4668-AD38-53A87448B8E3} = {6E51A8F0-0397-40E7-8B41-0A99C2C21CDA}
		{B21710A3-6DD8-442B-8AAA-F868960A3C9A} = {CC574C99-8235-4EBC-98A8-88A264EA3474}
		{9775502E-8304-44A4-9020-AA971AC71B90} = {6E51A8F0-0397-40E7-8B41-0A99C2C21CDA}
		{A093B8FF-C9B8-43B0-A6FB-F733340004DF} = {2F3D1C23-A6EF-4792-8F71-3AECFA31A1D4}
		{F58C6C99-CBED-44B0-B7A4-A94BD9A4EE73} = {2F3D1C23-A6EF-4792-8F71-3AECFA31A1D4}
		{AE173EBB-2962-4A25-A8D7-28C3DAA2401E} = {2F3D1C23-A6EF-4792-8F71-3AECFA31A1D4}
		{781DAB08-B5DF-4596-AC5A-5F8510C4E0B7} = {2F3D1C23-A6EF-4792-8F71-3AECFA31A1D4}
		{6A4C3DF4-918A-4262-94B5-4036C8340D35} = {2F3D1C23-A6EF-4792-8F71-3AECFA31A1D4}
		{07E63B9A-05D4-4769-8642-2D43A169EE8E} = {2F3D1C23-A6EF-4792-8F71-3AECFA31A1D4}
		{257097AC-30F8-4BFF-9672-2F52B0BB5AA9} = {A9FBFE46-0F03-4B3A-A5DE-D908337186C1}
		{8983C0A3-B289-4C49-9E7C-A2A9A53607E6} = {A9FBFE46-0F03-4B3A-A5DE-D908337186C1}
		{8E6C2230-4721-4ECE-AF12-67E3BC2B35D7} = {2F3D1C23-A6EF-4792-8F71-3AECFA31A1D4}
		{C00C5264-012C-424E-AB0C-A1E30795D66A} = {6E51A8F0-0397-40E7-8B41-0A99C2C21CDA}
		{EB3D71AE-D993-4508-8133-6BC6A248565A} = {6E51A8F0-0397-40E7-8B41-0A99C2C21CDA}
		{25A301FA-857B-4E83-9816-C869FC2C6EA8} = {0E572FA3-7F76-4648-A126-D902739FFC1D}
		{1D058204-3B54-44BA-98D7-06ACB9FA7D0F} = {A9FBFE46-0F03-4B3A-A5DE-D908337186C1}
		{59069C4C-4794-4DD0-821C-F63E2943FAC1} = {6E51A8F0-0397-40E7-8B41-0A99C2C21CDA}
		{8D2610AC-CF84-4DBF-9483-E896134538B5} = {2F3D1C23-A6EF-4792-8F71-3AECFA31A1D4}
		{4E1CE5AB-9E49-4AF4-9AEE-816161838707} = {666A4CF4-0F39-4E38-B717-281068419642}
		{0B2B2E25-9390-4C21-B5DD-DCB53333019B} = {666A4CF4-0F39-4E38-B717-281068419642}
		{EE1D5791-2390-4727-A1D2-61447D96502A} = {6E51A8F0-0397-40E7-8B41-0A99C2C21CDA}
	EndGlobalSection
	GlobalSection(ExtensibilityGlobals) = postSolution
		SolutionGuid = {837885E4-7663-4F4D-9A37-22460C73A7B8}
	EndGlobalSection
EndGlobal
