
Microsoft Visual Studio Solution File, Format Version 12.00
# Visual Studio Version 17
VisualStudioVersion = 17.1.32104.313
MinimumVisualStudioVersion = 10.0.40219.1
Project("{2150E333-8FDC-42A3-9474-1A3956D46DE8}") = "Solution Items", "Solution Items", "{33084390-724F-482E-BAFC-1A6AC7378767}"
	ProjectSection(SolutionItems) = preProject
		.editorconfig = .editorconfig
	EndProjectSection
EndProject
Project("{9A19103F-16F7-4668-BE54-9A1E7A4F7556}") = "Lambda", "Lambda\Lambda.csproj", "{3427B9D6-9D53-4A46-9852-EA0DE59FAE43}"
EndProject
Project("{9A19103F-16F7-4668-BE54-9A1E7A4F7556}") = "ConfigObjective", "ConfigObjective\ConfigObjective.csproj", "{DD47EB51-DA4C-4E49-BC92-BA3E9EFCF84B}"
EndProject
Project("{9A19103F-16F7-4668-BE54-9A1E7A4F7556}") = "MenuISCameraSetting", "MenuISCameraSetting\MenuISCameraSetting.csproj", "{6E2D445A-4586-4A25-B386-E8A1182E6EE4}"
EndProject
Project("{9A19103F-16F7-4668-BE54-9A1E7A4F7556}") = "WpfApp2", "WpfApp2\WpfApp2.csproj", "{A6CD6386-938C-4BA7-83B7-A89CE59DEEC9}"
EndProject
Project("{9A19103F-16F7-4668-BE54-9A1E7A4F7556}") = "Solution", "Solution\Solution.csproj", "{5C593C4B-5CD2-4666-8EBE-E337C84D7DF4}"
EndProject
Project("{9A19103F-16F7-4668-BE54-9A1E7A4F7556}") = "LambdaManager", "LambdaManager\LambdaManager.csproj", "{EE50A5A7-23FB-430F-BCE1-691CA08B67BD}"
EndProject
Project("{9A19103F-16F7-4668-BE54-9A1E7A4F7556}") = "Grid", "Grid\Grid.csproj", "{021D4E03-82FE-4B8B-90C5-91A5AD456248}"
EndProject
Project("{9A19103F-16F7-4668-BE54-9A1E7A4F7556}") = "Wizard", "Wizard\Wizard.csproj", "{C359356E-F744-4B23-AA1A-14A3D9B85AAC}"
EndProject
Project("{8BC9CEB8-8B4A-11D0-8D11-00A0C91BC942}") = "ISCamera", "ISCamera\ISCamera.vcxproj", "{565B0BC5-117E-40E4-9CF4-8E0A6543D8E4}"
EndProject
Project("{9A19103F-16F7-4668-BE54-9A1E7A4F7556}") = "WpfApp5", "WpfApp5\WpfApp5.csproj", "{01CBB686-6DE0-4D52-B02C-C9BEA6789F29}"
EndProject
Project("{9A19103F-16F7-4668-BE54-9A1E7A4F7556}") = "LambdaUtils", "LambdaUtils\LambdaUtils.csproj", "{0AB382D0-51FE-4DAC-9CBB-38BF4054831F}"
EndProject
Project("{9A19103F-16F7-4668-BE54-9A1E7A4F7556}") = "HotKey", "HotKey\HotKey.csproj", "{3D066BC1-F14A-4361-9E3A-893F7631175B}"
EndProject
Project("{9A19103F-16F7-4668-BE54-9A1E7A4F7556}") = "Global", "Global\Global.csproj", "{C6D8A524-9FB5-4668-AD38-53A87448B8E3}"
EndProject
Project("{9A19103F-16F7-4668-BE54-9A1E7A4F7556}") = "ThemeManager", "ThemeManager\ThemeManager.csproj", "{B21710A3-6DD8-442B-8AAA-F868960A3C9A}"
EndProject
Project("{9A19103F-16F7-4668-BE54-9A1E7A4F7556}") = "ConfigBottomView", "ConfigBottomView\ConfigBottomView.csproj", "{9775502E-8304-44A4-9020-AA971AC71B90}"
EndProject
Project("{8BC9CEB8-8B4A-11D0-8D11-00A0C91BC942}") = "DPC", "DPC\DPC.vcxproj", "{A093B8FF-C9B8-43B0-A6FB-F733340004DF}"
EndProject
Global
	GlobalSection(SolutionConfigurationPlatforms) = preSolution
		Debug|Any CPU = Debug|Any CPU
		Debug|x64 = Debug|x64
		Debug|x86 = Debug|x86
		Release|Any CPU = Release|Any CPU
		Release|x64 = Release|x64
		Release|x86 = Release|x86
	EndGlobalSection
	GlobalSection(ProjectConfigurationPlatforms) = postSolution
		{3427B9D6-9D53-4A46-9852-EA0DE59FAE43}.Debug|Any CPU.ActiveCfg = Debug|Any CPU
		{3427B9D6-9D53-4A46-9852-EA0DE59FAE43}.Debug|Any CPU.Build.0 = Debug|Any CPU
		{3427B9D6-9D53-4A46-9852-EA0DE59FAE43}.Debug|x64.ActiveCfg = Debug|x64
		{3427B9D6-9D53-4A46-9852-EA0DE59FAE43}.Debug|x64.Build.0 = Debug|x64
		{3427B9D6-9D53-4A46-9852-EA0DE59FAE43}.Debug|x86.ActiveCfg = Debug|Any CPU
		{3427B9D6-9D53-4A46-9852-EA0DE59FAE43}.Debug|x86.Build.0 = Debug|Any CPU
		{3427B9D6-9D53-4A46-9852-EA0DE59FAE43}.Release|Any CPU.ActiveCfg = Release|Any CPU
		{3427B9D6-9D53-4A46-9852-EA0DE59FAE43}.Release|Any CPU.Build.0 = Release|Any CPU
		{3427B9D6-9D53-4A46-9852-EA0DE59FAE43}.Release|x64.ActiveCfg = Release|x64
		{3427B9D6-9D53-4A46-9852-EA0DE59FAE43}.Release|x64.Build.0 = Release|x64
		{3427B9D6-9D53-4A46-9852-EA0DE59FAE43}.Release|x86.ActiveCfg = Release|Any CPU
		{3427B9D6-9D53-4A46-9852-EA0DE59FAE43}.Release|x86.Build.0 = Release|Any CPU
		{DD47EB51-DA4C-4E49-BC92-BA3E9EFCF84B}.Debug|Any CPU.ActiveCfg = Debug|Any CPU
		{DD47EB51-DA4C-4E49-BC92-BA3E9EFCF84B}.Debug|Any CPU.Build.0 = Debug|Any CPU
		{DD47EB51-DA4C-4E49-BC92-BA3E9EFCF84B}.Debug|x64.ActiveCfg = Debug|x64
		{DD47EB51-DA4C-4E49-BC92-BA3E9EFCF84B}.Debug|x64.Build.0 = Debug|x64
		{DD47EB51-DA4C-4E49-BC92-BA3E9EFCF84B}.Debug|x86.ActiveCfg = Debug|Any CPU
		{DD47EB51-DA4C-4E49-BC92-BA3E9EFCF84B}.Debug|x86.Build.0 = Debug|Any CPU
		{DD47EB51-DA4C-4E49-BC92-BA3E9EFCF84B}.Release|Any CPU.ActiveCfg = Release|Any CPU
		{DD47EB51-DA4C-4E49-BC92-BA3E9EFCF84B}.Release|Any CPU.Build.0 = Release|Any CPU
		{DD47EB51-DA4C-4E49-BC92-BA3E9EFCF84B}.Release|x64.ActiveCfg = Release|x64
		{DD47EB51-DA4C-4E49-BC92-BA3E9EFCF84B}.Release|x64.Build.0 = Release|x64
		{DD47EB51-DA4C-4E49-BC92-BA3E9EFCF84B}.Release|x86.ActiveCfg = Release|Any CPU
		{DD47EB51-DA4C-4E49-BC92-BA3E9EFCF84B}.Release|x86.Build.0 = Release|Any CPU
		{6E2D445A-4586-4A25-B386-E8A1182E6EE4}.Debug|Any CPU.ActiveCfg = Debug|Any CPU
		{6E2D445A-4586-4A25-B386-E8A1182E6EE4}.Debug|Any CPU.Build.0 = Debug|Any CPU
		{6E2D445A-4586-4A25-B386-E8A1182E6EE4}.Debug|x64.ActiveCfg = Debug|x64
		{6E2D445A-4586-4A25-B386-E8A1182E6EE4}.Debug|x64.Build.0 = Debug|x64
		{6E2D445A-4586-4A25-B386-E8A1182E6EE4}.Debug|x86.ActiveCfg = Debug|Any CPU
		{6E2D445A-4586-4A25-B386-E8A1182E6EE4}.Debug|x86.Build.0 = Debug|Any CPU
		{6E2D445A-4586-4A25-B386-E8A1182E6EE4}.Release|Any CPU.ActiveCfg = Release|Any CPU
		{6E2D445A-4586-4A25-B386-E8A1182E6EE4}.Release|Any CPU.Build.0 = Release|Any CPU
		{6E2D445A-4586-4A25-B386-E8A1182E6EE4}.Release|x64.ActiveCfg = Release|x64
		{6E2D445A-4586-4A25-B386-E8A1182E6EE4}.Release|x64.Build.0 = Release|x64
		{6E2D445A-4586-4A25-B386-E8A1182E6EE4}.Release|x86.ActiveCfg = Release|Any CPU
		{6E2D445A-4586-4A25-B386-E8A1182E6EE4}.Release|x86.Build.0 = Release|Any CPU
		{A6CD6386-938C-4BA7-83B7-A89CE59DEEC9}.Debug|Any CPU.ActiveCfg = Debug|Any CPU
		{A6CD6386-938C-4BA7-83B7-A89CE59DEEC9}.Debug|Any CPU.Build.0 = Debug|Any CPU
		{A6CD6386-938C-4BA7-83B7-A89CE59DEEC9}.Debug|x64.ActiveCfg = Debug|x64
		{A6CD6386-938C-4BA7-83B7-A89CE59DEEC9}.Debug|x64.Build.0 = Debug|x64
		{A6CD6386-938C-4BA7-83B7-A89CE59DEEC9}.Debug|x86.ActiveCfg = Debug|Any CPU
		{A6CD6386-938C-4BA7-83B7-A89CE59DEEC9}.Debug|x86.Build.0 = Debug|Any CPU
		{A6CD6386-938C-4BA7-83B7-A89CE59DEEC9}.Release|Any CPU.ActiveCfg = Release|Any CPU
		{A6CD6386-938C-4BA7-83B7-A89CE59DEEC9}.Release|Any CPU.Build.0 = Release|Any CPU
		{A6CD6386-938C-4BA7-83B7-A89CE59DEEC9}.Release|x64.ActiveCfg = Release|x64
		{A6CD6386-938C-4BA7-83B7-A89CE59DEEC9}.Release|x64.Build.0 = Release|x64
		{A6CD6386-938C-4BA7-83B7-A89CE59DEEC9}.Release|x86.ActiveCfg = Release|Any CPU
		{A6CD6386-938C-4BA7-83B7-A89CE59DEEC9}.Release|x86.Build.0 = Release|Any CPU
		{5C593C4B-5CD2-4666-8EBE-E337C84D7DF4}.Debug|Any CPU.ActiveCfg = Debug|Any CPU
		{5C593C4B-5CD2-4666-8EBE-E337C84D7DF4}.Debug|Any CPU.Build.0 = Debug|Any CPU
		{5C593C4B-5CD2-4666-8EBE-E337C84D7DF4}.Debug|x64.ActiveCfg = Debug|x64
		{5C593C4B-5CD2-4666-8EBE-E337C84D7DF4}.Debug|x64.Build.0 = Debug|x64
		{5C593C4B-5CD2-4666-8EBE-E337C84D7DF4}.Debug|x86.ActiveCfg = Debug|Any CPU
		{5C593C4B-5CD2-4666-8EBE-E337C84D7DF4}.Debug|x86.Build.0 = Debug|Any CPU
		{5C593C4B-5CD2-4666-8EBE-E337C84D7DF4}.Release|Any CPU.ActiveCfg = Release|Any CPU
		{5C593C4B-5CD2-4666-8EBE-E337C84D7DF4}.Release|Any CPU.Build.0 = Release|Any CPU
		{5C593C4B-5CD2-4666-8EBE-E337C84D7DF4}.Release|x64.ActiveCfg = Release|x64
		{5C593C4B-5CD2-4666-8EBE-E337C84D7DF4}.Release|x64.Build.0 = Release|x64
		{5C593C4B-5CD2-4666-8EBE-E337C84D7DF4}.Release|x86.ActiveCfg = Release|Any CPU
		{5C593C4B-5CD2-4666-8EBE-E337C84D7DF4}.Release|x86.Build.0 = Release|Any CPU
		{EE50A5A7-23FB-430F-BCE1-691CA08B67BD}.Debug|Any CPU.ActiveCfg = Debug|Any CPU
		{EE50A5A7-23FB-430F-BCE1-691CA08B67BD}.Debug|Any CPU.Build.0 = Debug|Any CPU
		{EE50A5A7-23FB-430F-BCE1-691CA08B67BD}.Debug|x64.ActiveCfg = Debug|x64
		{EE50A5A7-23FB-430F-BCE1-691CA08B67BD}.Debug|x64.Build.0 = Debug|x64
		{EE50A5A7-23FB-430F-BCE1-691CA08B67BD}.Debug|x86.ActiveCfg = Debug|Any CPU
		{EE50A5A7-23FB-430F-BCE1-691CA08B67BD}.Debug|x86.Build.0 = Debug|Any CPU
		{EE50A5A7-23FB-430F-BCE1-691CA08B67BD}.Release|Any CPU.ActiveCfg = Release|Any CPU
		{EE50A5A7-23FB-430F-BCE1-691CA08B67BD}.Release|Any CPU.Build.0 = Release|Any CPU
		{EE50A5A7-23FB-430F-BCE1-691CA08B67BD}.Release|x64.ActiveCfg = Release|x64
		{EE50A5A7-23FB-430F-BCE1-691CA08B67BD}.Release|x64.Build.0 = Release|x64
		{EE50A5A7-23FB-430F-BCE1-691CA08B67BD}.Release|x86.ActiveCfg = Release|Any CPU
		{EE50A5A7-23FB-430F-BCE1-691CA08B67BD}.Release|x86.Build.0 = Release|Any CPU
		{021D4E03-82FE-4B8B-90C5-91A5AD456248}.Debug|Any CPU.ActiveCfg = Debug|Any CPU
		{021D4E03-82FE-4B8B-90C5-91A5AD456248}.Debug|Any CPU.Build.0 = Debug|Any CPU
		{021D4E03-82FE-4B8B-90C5-91A5AD456248}.Debug|x64.ActiveCfg = Debug|x64
		{021D4E03-82FE-4B8B-90C5-91A5AD456248}.Debug|x64.Build.0 = Debug|x64
		{021D4E03-82FE-4B8B-90C5-91A5AD456248}.Debug|x86.ActiveCfg = Debug|Any CPU
		{021D4E03-82FE-4B8B-90C5-91A5AD456248}.Debug|x86.Build.0 = Debug|Any CPU
		{021D4E03-82FE-4B8B-90C5-91A5AD456248}.Release|Any CPU.ActiveCfg = Release|Any CPU
		{021D4E03-82FE-4B8B-90C5-91A5AD456248}.Release|Any CPU.Build.0 = Release|Any CPU
		{021D4E03-82FE-4B8B-90C5-91A5AD456248}.Release|x64.ActiveCfg = Release|x64
		{021D4E03-82FE-4B8B-90C5-91A5AD456248}.Release|x64.Build.0 = Release|x64
		{021D4E03-82FE-4B8B-90C5-91A5AD456248}.Release|x86.ActiveCfg = Release|Any CPU
		{021D4E03-82FE-4B8B-90C5-91A5AD456248}.Release|x86.Build.0 = Release|Any CPU
		{C359356E-F744-4B23-AA1A-14A3D9B85AAC}.Debug|Any CPU.ActiveCfg = Debug|Any CPU
		{C359356E-F744-4B23-AA1A-14A3D9B85AAC}.Debug|Any CPU.Build.0 = Debug|Any CPU
		{C359356E-F744-4B23-AA1A-14A3D9B85AAC}.Debug|x64.ActiveCfg = Debug|x64
		{C359356E-F744-4B23-AA1A-14A3D9B85AAC}.Debug|x64.Build.0 = Debug|x64
		{C359356E-F744-4B23-AA1A-14A3D9B85AAC}.Debug|x86.ActiveCfg = Debug|Any CPU
		{C359356E-F744-4B23-AA1A-14A3D9B85AAC}.Debug|x86.Build.0 = Debug|Any CPU
		{C359356E-F744-4B23-AA1A-14A3D9B85AAC}.Release|Any CPU.ActiveCfg = Release|Any CPU
		{C359356E-F744-4B23-AA1A-14A3D9B85AAC}.Release|Any CPU.Build.0 = Release|Any CPU
		{C359356E-F744-4B23-AA1A-14A3D9B85AAC}.Release|x64.ActiveCfg = Release|x64
		{C359356E-F744-4B23-AA1A-14A3D9B85AAC}.Release|x64.Build.0 = Release|x64
		{C359356E-F744-4B23-AA1A-14A3D9B85AAC}.Release|x86.ActiveCfg = Release|Any CPU
		{C359356E-F744-4B23-AA1A-14A3D9B85AAC}.Release|x86.Build.0 = Release|Any CPU
		{565B0BC5-117E-40E4-9CF4-8E0A6543D8E4}.Debug|Any CPU.ActiveCfg = Debug|x64
		{565B0BC5-117E-40E4-9CF4-8E0A6543D8E4}.Debug|Any CPU.Build.0 = Debug|x64
		{565B0BC5-117E-40E4-9CF4-8E0A6543D8E4}.Debug|x64.ActiveCfg = Release|x64
		{565B0BC5-117E-40E4-9CF4-8E0A6543D8E4}.Debug|x64.Build.0 = Release|x64
		{565B0BC5-117E-40E4-9CF4-8E0A6543D8E4}.Debug|x86.ActiveCfg = Debug|Win32
		{565B0BC5-117E-40E4-9CF4-8E0A6543D8E4}.Debug|x86.Build.0 = Debug|Win32
		{565B0BC5-117E-40E4-9CF4-8E0A6543D8E4}.Release|Any CPU.ActiveCfg = Release|x64
		{565B0BC5-117E-40E4-9CF4-8E0A6543D8E4}.Release|Any CPU.Build.0 = Release|x64
		{565B0BC5-117E-40E4-9CF4-8E0A6543D8E4}.Release|x64.ActiveCfg = Release|x64
		{565B0BC5-117E-40E4-9CF4-8E0A6543D8E4}.Release|x64.Build.0 = Release|x64
		{565B0BC5-117E-40E4-9CF4-8E0A6543D8E4}.Release|x86.ActiveCfg = Release|Win32
		{565B0BC5-117E-40E4-9CF4-8E0A6543D8E4}.Release|x86.Build.0 = Release|Win32
		{01CBB686-6DE0-4D52-B02C-C9BEA6789F29}.Debug|Any CPU.ActiveCfg = Debug|Any CPU
		{01CBB686-6DE0-4D52-B02C-C9BEA6789F29}.Debug|Any CPU.Build.0 = Debug|Any CPU
		{01CBB686-6DE0-4D52-B02C-C9BEA6789F29}.Debug|x64.ActiveCfg = Debug|x64
		{01CBB686-6DE0-4D52-B02C-C9BEA6789F29}.Debug|x64.Build.0 = Debug|x64
		{01CBB686-6DE0-4D52-B02C-C9BEA6789F29}.Debug|x86.ActiveCfg = Debug|Any CPU
		{01CBB686-6DE0-4D52-B02C-C9BEA6789F29}.Debug|x86.Build.0 = Debug|Any CPU
		{01CBB686-6DE0-4D52-B02C-C9BEA6789F29}.Release|Any CPU.ActiveCfg = Release|Any CPU
		{01CBB686-6DE0-4D52-B02C-C9BEA6789F29}.Release|Any CPU.Build.0 = Release|Any CPU
		{01CBB686-6DE0-4D52-B02C-C9BEA6789F29}.Release|x64.ActiveCfg = Release|x64
		{01CBB686-6DE0-4D52-B02C-C9BEA6789F29}.Release|x64.Build.0 = Release|x64
		{01CBB686-6DE0-4D52-B02C-C9BEA6789F29}.Release|x86.ActiveCfg = Release|Any CPU
		{01CBB686-6DE0-4D52-B02C-C9BEA6789F29}.Release|x86.Build.0 = Release|Any CPU
		{0AB382D0-51FE-4DAC-9CBB-38BF4054831F}.Debug|Any CPU.ActiveCfg = Debug|Any CPU
		{0AB382D0-51FE-4DAC-9CBB-38BF4054831F}.Debug|Any CPU.Build.0 = Debug|Any CPU
		{0AB382D0-51FE-4DAC-9CBB-38BF4054831F}.Debug|x64.ActiveCfg = Debug|x64
		{0AB382D0-51FE-4DAC-9CBB-38BF4054831F}.Debug|x64.Build.0 = Debug|x64
		{0AB382D0-51FE-4DAC-9CBB-38BF4054831F}.Debug|x86.ActiveCfg = Debug|Any CPU
		{0AB382D0-51FE-4DAC-9CBB-38BF4054831F}.Debug|x86.Build.0 = Debug|Any CPU
		{0AB382D0-51FE-4DAC-9CBB-38BF4054831F}.Release|Any CPU.ActiveCfg = Release|Any CPU
		{0AB382D0-51FE-4DAC-9CBB-38BF4054831F}.Release|Any CPU.Build.0 = Release|Any CPU
		{0AB382D0-51FE-4DAC-9CBB-38BF4054831F}.Release|x64.ActiveCfg = Release|x64
		{0AB382D0-51FE-4DAC-9CBB-38BF4054831F}.Release|x64.Build.0 = Release|x64
		{0AB382D0-51FE-4DAC-9CBB-38BF4054831F}.Release|x86.ActiveCfg = Release|Any CPU
		{0AB382D0-51FE-4DAC-9CBB-38BF4054831F}.Release|x86.Build.0 = Release|Any CPU
		{3D066BC1-F14A-4361-9E3A-893F7631175B}.Debug|Any CPU.ActiveCfg = Debug|Any CPU
		{3D066BC1-F14A-4361-9E3A-893F7631175B}.Debug|Any CPU.Build.0 = Debug|Any CPU
		{3D066BC1-F14A-4361-9E3A-893F7631175B}.Debug|x64.ActiveCfg = Debug|x64
		{3D066BC1-F14A-4361-9E3A-893F7631175B}.Debug|x64.Build.0 = Debug|x64
		{3D066BC1-F14A-4361-9E3A-893F7631175B}.Debug|x86.ActiveCfg = Debug|Any CPU
		{3D066BC1-F14A-4361-9E3A-893F7631175B}.Debug|x86.Build.0 = Debug|Any CPU
		{3D066BC1-F14A-4361-9E3A-893F7631175B}.Release|Any CPU.ActiveCfg = Release|Any CPU
		{3D066BC1-F14A-4361-9E3A-893F7631175B}.Release|Any CPU.Build.0 = Release|Any CPU
		{3D066BC1-F14A-4361-9E3A-893F7631175B}.Release|x64.ActiveCfg = Release|x64
		{3D066BC1-F14A-4361-9E3A-893F7631175B}.Release|x64.Build.0 = Release|x64
		{3D066BC1-F14A-4361-9E3A-893F7631175B}.Release|x86.ActiveCfg = Release|Any CPU
		{3D066BC1-F14A-4361-9E3A-893F7631175B}.Release|x86.Build.0 = Release|Any CPU
		{C6D8A524-9FB5-4668-AD38-53A87448B8E3}.Debug|Any CPU.ActiveCfg = Debug|Any CPU
		{C6D8A524-9FB5-4668-AD38-53A87448B8E3}.Debug|Any CPU.Build.0 = Debug|Any CPU
		{C6D8A524-9FB5-4668-AD38-53A87448B8E3}.Debug|x64.ActiveCfg = Debug|x64
		{C6D8A524-9FB5-4668-AD38-53A87448B8E3}.Debug|x64.Build.0 = Debug|x64
		{C6D8A524-9FB5-4668-AD38-53A87448B8E3}.Debug|x86.ActiveCfg = Debug|Any CPU
		{C6D8A524-9FB5-4668-AD38-53A87448B8E3}.Debug|x86.Build.0 = Debug|Any CPU
		{C6D8A524-9FB5-4668-AD38-53A87448B8E3}.Release|Any CPU.ActiveCfg = Release|Any CPU
		{C6D8A524-9FB5-4668-AD38-53A87448B8E3}.Release|Any CPU.Build.0 = Release|Any CPU
		{C6D8A524-9FB5-4668-AD38-53A87448B8E3}.Release|x64.ActiveCfg = Release|x64
		{C6D8A524-9FB5-4668-AD38-53A87448B8E3}.Release|x64.Build.0 = Release|x64
		{C6D8A524-9FB5-4668-AD38-53A87448B8E3}.Release|x86.ActiveCfg = Release|Any CPU
		{C6D8A524-9FB5-4668-AD38-53A87448B8E3}.Release|x86.Build.0 = Release|Any CPU
		{B21710A3-6DD8-442B-8AAA-F868960A3C9A}.Debug|Any CPU.ActiveCfg = Debug|Any CPU
		{B21710A3-6DD8-442B-8AAA-F868960A3C9A}.Debug|Any CPU.Build.0 = Debug|Any CPU
		{B21710A3-6DD8-442B-8AAA-F868960A3C9A}.Debug|x64.ActiveCfg = Debug|Any CPU
		{B21710A3-6DD8-442B-8AAA-F868960A3C9A}.Debug|x64.Build.0 = Debug|Any CPU
		{B21710A3-6DD8-442B-8AAA-F868960A3C9A}.Debug|x86.ActiveCfg = Debug|Any CPU
		{B21710A3-6DD8-442B-8AAA-F868960A3C9A}.Debug|x86.Build.0 = Debug|Any CPU
		{B21710A3-6DD8-442B-8AAA-F868960A3C9A}.Release|Any CPU.ActiveCfg = Release|Any CPU
		{B21710A3-6DD8-442B-8AAA-F868960A3C9A}.Release|Any CPU.Build.0 = Release|Any CPU
		{B21710A3-6DD8-442B-8AAA-F868960A3C9A}.Release|x64.ActiveCfg = Release|Any CPU
		{B21710A3-6DD8-442B-8AAA-F868960A3C9A}.Release|x64.Build.0 = Release|Any CPU
		{B21710A3-6DD8-442B-8AAA-F868960A3C9A}.Release|x86.ActiveCfg = Release|Any CPU
		{B21710A3-6DD8-442B-8AAA-F868960A3C9A}.Release|x86.Build.0 = Release|Any CPU
		{9775502E-8304-44A4-9020-AA971AC71B90}.Debug|Any CPU.ActiveCfg = Debug|Any CPU
		{9775502E-8304-44A4-9020-AA971AC71B90}.Debug|Any CPU.Build.0 = Debug|Any CPU
		{9775502E-8304-44A4-9020-AA971AC71B90}.Debug|x64.ActiveCfg = Debug|x64
		{9775502E-8304-44A4-9020-AA971AC71B90}.Debug|x64.Build.0 = Debug|x64
		{9775502E-8304-44A4-9020-AA971AC71B90}.Debug|x86.ActiveCfg = Debug|Any CPU
		{9775502E-8304-44A4-9020-AA971AC71B90}.Debug|x86.Build.0 = Debug|Any CPU
		{9775502E-8304-44A4-9020-AA971AC71B90}.Release|Any CPU.ActiveCfg = Release|Any CPU
		{9775502E-8304-44A4-9020-AA971AC71B90}.Release|Any CPU.Build.0 = Release|Any CPU
		{9775502E-8304-44A4-9020-AA971AC71B90}.Release|x64.ActiveCfg = Release|x64
		{9775502E-8304-44A4-9020-AA971AC71B90}.Release|x64.Build.0 = Release|x64
		{9775502E-8304-44A4-9020-AA971AC71B90}.Release|x86.ActiveCfg = Release|Any CPU
		{9775502E-8304-44A4-9020-AA971AC71B90}.Release|x86.Build.0 = Release|Any CPU
		{A093B8FF-C9B8-43B0-A6FB-F733340004DF}.Debug|Any CPU.ActiveCfg = Debug|x64
		{A093B8FF-C9B8-43B0-A6FB-F733340004DF}.Debug|Any CPU.Build.0 = Debug|x64
		{A093B8FF-C9B8-43B0-A6FB-F733340004DF}.Debug|x64.ActiveCfg = Debug|x64
		{A093B8FF-C9B8-43B0-A6FB-F733340004DF}.Debug|x64.Build.0 = Debug|x64
		{A093B8FF-C9B8-43B0-A6FB-F733340004DF}.Debug|x86.ActiveCfg = Debug|Win32
		{A093B8FF-C9B8-43B0-A6FB-F733340004DF}.Debug|x86.Build.0 = Debug|Win32
		{A093B8FF-C9B8-43B0-A6FB-F733340004DF}.Release|Any CPU.ActiveCfg = Release|x64
		{A093B8FF-C9B8-43B0-A6FB-F733340004DF}.Release|Any CPU.Build.0 = Release|x64
		{A093B8FF-C9B8-43B0-A6FB-F733340004DF}.Release|x64.ActiveCfg = Release|x64
		{A093B8FF-C9B8-43B0-A6FB-F733340004DF}.Release|x64.Build.0 = Release|x64
		{A093B8FF-C9B8-43B0-A6FB-F733340004DF}.Release|x86.ActiveCfg = Release|Win32
		{A093B8FF-C9B8-43B0-A6FB-F733340004DF}.Release|x86.Build.0 = Release|Win32
	EndGlobalSection
	GlobalSection(SolutionProperties) = preSolution
		HideSolutionNode = FALSE
	EndGlobalSection
	GlobalSection(ExtensibilityGlobals) = postSolution
		SolutionGuid = {837885E4-7663-4F4D-9A37-22460C73A7B8}
	EndGlobalSection
EndGlobal
