
Microsoft Visual Studio Solution File, Format Version 12.00
# Visual Studio Version 17
VisualStudioVersion = 17.1.32104.313
MinimumVisualStudioVersion = 10.0.40219.1
Project("{2150E333-8FDC-42A3-9474-1A3956D46DE8}") = "Solution Items", "Solution Items", "{33084390-724F-482E-BAFC-1A6AC7378767}"
	ProjectSection(SolutionItems) = preProject
		.editorconfig = .editorconfig
		CHANGELOG.md = CHANGELOG.md
		INFO.md = INFO.md
		lambda.snk = lambda.snk
		README.md = README.md
	EndProjectSection
EndProject
Project("{2150E333-8FDC-42A3-9474-1A3956D46DE8}") = "C++", "C++", "{2F3D1C23-A6EF-4792-8F71-3AECFA31A1D4}"
EndProject
Project("{8BC9CEB8-8B4A-11D0-8D11-00A0C91BC942}") = "InteropTest", "C++\IntereopTest\InteropTest.vcxproj", "{07E63B9A-05D4-4769-8642-2D43A169EE8E}"
EndProject
Project("{8BC9CEB8-8B4A-11D0-8D11-00A0C91BC942}") = "CUDA", "C++\CUDA\CUDA.vcxproj", "{8E6C2230-4721-4ECE-AF12-67E3BC2B35D7}"
EndProject
Project("{8BC9CEB8-8B4A-11D0-8D11-00A0C91BC942}") = "UITest", "C++\UITest\UITest.vcxproj", "{1815A2CB-B64F-4A65-88C0-4AB35D202E2D}"
EndProject
Project("{8BC9CEB8-8B4A-11D0-8D11-00A0C91BC942}") = "gltools", "3rdparty\gltools\gltools.vcxproj", "{F577B769-C3A6-4C37-B958-A31E968D5393}"
EndProject
Project("{2150E333-8FDC-42A3-9474-1A3956D46DE8}") = "3rdparty", "3rdparty", "{D7E6C000-1188-488C-8D61-634998A9B773}"
EndProject
Project("{8BC9CEB8-8B4A-11D0-8D11-00A0C91BC942}") = "zlib", "3rdparty\zlib\zlib.vcxproj", "{45568694-A158-4A03-ACF8-3848AB1CA1A7}"
EndProject
Project("{8BC9CEB8-8B4A-11D0-8D11-00A0C91BC942}") = "CacheFileTest", "C++\CacheFileTest\CacheFileTest.vcxproj", "{EF87E4FC-B6D5-4C9A-8CBF-B2819221D174}"
EndProject
Project("{8BC9CEB8-8B4A-11D0-8D11-00A0C91BC942}") = "DHM", "C++\DHM\DHM.vcxproj", "{F24FC91C-20D9-4E3B-8044-86D6F57FBB10}"
EndProject
Project("{8BC9CEB8-8B4A-11D0-8D11-00A0C91BC942}") = "CustomFile", "C++\CustomFile\CustomFile.vcxproj", "{9D0B20B9-B149-429B-A7CE-8D048A2A5635}"
EndProject
Project("{8BC9CEB8-8B4A-11D0-8D11-00A0C91BC942}") = "GridIcons64", "C++\GridIcons64\GridIcons64.vcxproj", "{87FFB8BB-20C4-4D0D-8EF6-A39B0C14FF3A}"
EndProject
Project("{8BC9CEB8-8B4A-11D0-8D11-00A0C91BC942}") = "denoise", "C++\Denoise\denoise.vcxproj", "{3C955DE6-99CA-46BD-9C69-20B24CED3B85}"
EndProject
Global
	GlobalSection(SolutionConfigurationPlatforms) = preSolution
		Debug|Any CPU = Debug|Any CPU
		Debug|x64 = Debug|x64
		Debug|x86 = Debug|x86
		Release|Any CPU = Release|Any CPU
		Release|x64 = Release|x64
		Release|x86 = Release|x86
	EndGlobalSection
	GlobalSection(ProjectConfigurationPlatforms) = postSolution
		{07E63B9A-05D4-4769-8642-2D43A169EE8E}.Debug|Any CPU.ActiveCfg = Debug|x64
		{07E63B9A-05D4-4769-8642-2D43A169EE8E}.Debug|Any CPU.Build.0 = Debug|x64
		{07E63B9A-05D4-4769-8642-2D43A169EE8E}.Debug|x64.ActiveCfg = Debug|x64
		{07E63B9A-05D4-4769-8642-2D43A169EE8E}.Debug|x64.Build.0 = Debug|x64
		{07E63B9A-05D4-4769-8642-2D43A169EE8E}.Debug|x86.ActiveCfg = Debug|Win32
		{07E63B9A-05D4-4769-8642-2D43A169EE8E}.Debug|x86.Build.0 = Debug|Win32
		{07E63B9A-05D4-4769-8642-2D43A169EE8E}.Release|Any CPU.ActiveCfg = Release|x64
		{07E63B9A-05D4-4769-8642-2D43A169EE8E}.Release|Any CPU.Build.0 = Release|x64
		{07E63B9A-05D4-4769-8642-2D43A169EE8E}.Release|x64.ActiveCfg = Release|x64
		{07E63B9A-05D4-4769-8642-2D43A169EE8E}.Release|x64.Build.0 = Release|x64
		{07E63B9A-05D4-4769-8642-2D43A169EE8E}.Release|x86.ActiveCfg = Release|Win32
		{07E63B9A-05D4-4769-8642-2D43A169EE8E}.Release|x86.Build.0 = Release|Win32
		{8E6C2230-4721-4ECE-AF12-67E3BC2B35D7}.Debug|Any CPU.ActiveCfg = Debug|x64
		{8E6C2230-4721-4ECE-AF12-67E3BC2B35D7}.Debug|Any CPU.Build.0 = Debug|x64
		{8E6C2230-4721-4ECE-AF12-67E3BC2B35D7}.Debug|x64.ActiveCfg = Debug|x64
		{8E6C2230-4721-4ECE-AF12-67E3BC2B35D7}.Debug|x64.Build.0 = Debug|x64
		{8E6C2230-4721-4ECE-AF12-67E3BC2B35D7}.Debug|x86.ActiveCfg = Debug|Win32
		{8E6C2230-4721-4ECE-AF12-67E3BC2B35D7}.Debug|x86.Build.0 = Debug|Win32
		{8E6C2230-4721-4ECE-AF12-67E3BC2B35D7}.Release|Any CPU.ActiveCfg = Release|x64
		{8E6C2230-4721-4ECE-AF12-67E3BC2B35D7}.Release|Any CPU.Build.0 = Release|x64
		{8E6C2230-4721-4ECE-AF12-67E3BC2B35D7}.Release|x64.ActiveCfg = Release|x64
		{8E6C2230-4721-4ECE-AF12-67E3BC2B35D7}.Release|x64.Build.0 = Release|x64
		{8E6C2230-4721-4ECE-AF12-67E3BC2B35D7}.Release|x86.ActiveCfg = Release|Win32
		{8E6C2230-4721-4ECE-AF12-67E3BC2B35D7}.Release|x86.Build.0 = Release|Win32
		{1815A2CB-B64F-4A65-88C0-4AB35D202E2D}.Debug|Any CPU.ActiveCfg = Debug|x64
		{1815A2CB-B64F-4A65-88C0-4AB35D202E2D}.Debug|Any CPU.Build.0 = Debug|x64
		{1815A2CB-B64F-4A65-88C0-4AB35D202E2D}.Debug|x64.ActiveCfg = Debug|x64
		{1815A2CB-B64F-4A65-88C0-4AB35D202E2D}.Debug|x64.Build.0 = Debug|x64
		{1815A2CB-B64F-4A65-88C0-4AB35D202E2D}.Debug|x86.ActiveCfg = Debug|Win32
		{1815A2CB-B64F-4A65-88C0-4AB35D202E2D}.Debug|x86.Build.0 = Debug|Win32
		{1815A2CB-B64F-4A65-88C0-4AB35D202E2D}.Release|Any CPU.ActiveCfg = Release|x64
		{1815A2CB-B64F-4A65-88C0-4AB35D202E2D}.Release|Any CPU.Build.0 = Release|x64
		{1815A2CB-B64F-4A65-88C0-4AB35D202E2D}.Release|x64.ActiveCfg = Release|x64
		{1815A2CB-B64F-4A65-88C0-4AB35D202E2D}.Release|x64.Build.0 = Release|x64
		{1815A2CB-B64F-4A65-88C0-4AB35D202E2D}.Release|x86.ActiveCfg = Release|Win32
		{1815A2CB-B64F-4A65-88C0-4AB35D202E2D}.Release|x86.Build.0 = Release|Win32
		{F577B769-C3A6-4C37-B958-A31E968D5393}.Debug|Any CPU.ActiveCfg = Debug|x64
		{F577B769-C3A6-4C37-B958-A31E968D5393}.Debug|Any CPU.Build.0 = Debug|x64
		{F577B769-C3A6-4C37-B958-A31E968D5393}.Debug|x64.ActiveCfg = Debug|x64
		{F577B769-C3A6-4C37-B958-A31E968D5393}.Debug|x64.Build.0 = Debug|x64
		{F577B769-C3A6-4C37-B958-A31E968D5393}.Debug|x86.ActiveCfg = Debug|Win32
		{F577B769-C3A6-4C37-B958-A31E968D5393}.Debug|x86.Build.0 = Debug|Win32
		{F577B769-C3A6-4C37-B958-A31E968D5393}.Release|Any CPU.ActiveCfg = Release|x64
		{F577B769-C3A6-4C37-B958-A31E968D5393}.Release|Any CPU.Build.0 = Release|x64
		{F577B769-C3A6-4C37-B958-A31E968D5393}.Release|x64.ActiveCfg = Release|x64
		{F577B769-C3A6-4C37-B958-A31E968D5393}.Release|x64.Build.0 = Release|x64
		{F577B769-C3A6-4C37-B958-A31E968D5393}.Release|x86.ActiveCfg = Release|Win32
		{F577B769-C3A6-4C37-B958-A31E968D5393}.Release|x86.Build.0 = Release|Win32
		{45568694-A158-4A03-ACF8-3848AB1CA1A7}.Debug|Any CPU.ActiveCfg = Debug|x64
		{45568694-A158-4A03-ACF8-3848AB1CA1A7}.Debug|Any CPU.Build.0 = Debug|x64
		{45568694-A158-4A03-ACF8-3848AB1CA1A7}.Debug|x64.ActiveCfg = Debug|x64
		{45568694-A158-4A03-ACF8-3848AB1CA1A7}.Debug|x64.Build.0 = Debug|x64
		{45568694-A158-4A03-ACF8-3848AB1CA1A7}.Debug|x86.ActiveCfg = Debug|Win32
		{45568694-A158-4A03-ACF8-3848AB1CA1A7}.Debug|x86.Build.0 = Debug|Win32
		{45568694-A158-4A03-ACF8-3848AB1CA1A7}.Release|Any CPU.ActiveCfg = Release|x64
		{45568694-A158-4A03-ACF8-3848AB1CA1A7}.Release|Any CPU.Build.0 = Release|x64
		{45568694-A158-4A03-ACF8-3848AB1CA1A7}.Release|x64.ActiveCfg = Release|x64
		{45568694-A158-4A03-ACF8-3848AB1CA1A7}.Release|x64.Build.0 = Release|x64
		{45568694-A158-4A03-ACF8-3848AB1CA1A7}.Release|x86.ActiveCfg = Release|Win32
		{45568694-A158-4A03-ACF8-3848AB1CA1A7}.Release|x86.Build.0 = Release|Win32
		{EF87E4FC-B6D5-4C9A-8CBF-B2819221D174}.Debug|Any CPU.ActiveCfg = Debug|x64
		{EF87E4FC-B6D5-4C9A-8CBF-B2819221D174}.Debug|Any CPU.Build.0 = Debug|x64
		{EF87E4FC-B6D5-4C9A-8CBF-B2819221D174}.Debug|x64.ActiveCfg = Debug|x64
		{EF87E4FC-B6D5-4C9A-8CBF-B2819221D174}.Debug|x64.Build.0 = Debug|x64
		{EF87E4FC-B6D5-4C9A-8CBF-B2819221D174}.Debug|x86.ActiveCfg = Debug|Win32
		{EF87E4FC-B6D5-4C9A-8CBF-B2819221D174}.Debug|x86.Build.0 = Debug|Win32
		{EF87E4FC-B6D5-4C9A-8CBF-B2819221D174}.Release|Any CPU.ActiveCfg = Release|x64
		{EF87E4FC-B6D5-4C9A-8CBF-B2819221D174}.Release|Any CPU.Build.0 = Release|x64
		{EF87E4FC-B6D5-4C9A-8CBF-B2819221D174}.Release|x64.ActiveCfg = Release|x64
		{EF87E4FC-B6D5-4C9A-8CBF-B2819221D174}.Release|x64.Build.0 = Release|x64
		{EF87E4FC-B6D5-4C9A-8CBF-B2819221D174}.Release|x86.ActiveCfg = Release|Win32
		{EF87E4FC-B6D5-4C9A-8CBF-B2819221D174}.Release|x86.Build.0 = Release|Win32
		{F24FC91C-20D9-4E3B-8044-86D6F57FBB10}.Debug|Any CPU.ActiveCfg = Debug|x64
		{F24FC91C-20D9-4E3B-8044-86D6F57FBB10}.Debug|Any CPU.Build.0 = Debug|x64
		{F24FC91C-20D9-4E3B-8044-86D6F57FBB10}.Debug|x64.ActiveCfg = Debug|x64
		{F24FC91C-20D9-4E3B-8044-86D6F57FBB10}.Debug|x64.Build.0 = Debug|x64
		{F24FC91C-20D9-4E3B-8044-86D6F57FBB10}.Debug|x86.ActiveCfg = Debug|Win32
		{F24FC91C-20D9-4E3B-8044-86D6F57FBB10}.Debug|x86.Build.0 = Debug|Win32
		{F24FC91C-20D9-4E3B-8044-86D6F57FBB10}.Release|Any CPU.ActiveCfg = Release|x64
		{F24FC91C-20D9-4E3B-8044-86D6F57FBB10}.Release|Any CPU.Build.0 = Release|x64
		{F24FC91C-20D9-4E3B-8044-86D6F57FBB10}.Release|x64.ActiveCfg = Release|x64
		{F24FC91C-20D9-4E3B-8044-86D6F57FBB10}.Release|x64.Build.0 = Release|x64
		{F24FC91C-20D9-4E3B-8044-86D6F57FBB10}.Release|x86.ActiveCfg = Release|Win32
		{F24FC91C-20D9-4E3B-8044-86D6F57FBB10}.Release|x86.Build.0 = Release|Win32
		{9D0B20B9-B149-429B-A7CE-8D048A2A5635}.Debug|Any CPU.ActiveCfg = Debug|x64
		{9D0B20B9-B149-429B-A7CE-8D048A2A5635}.Debug|Any CPU.Build.0 = Debug|x64
		{9D0B20B9-B149-429B-A7CE-8D048A2A5635}.Debug|x64.ActiveCfg = Debug|x64
		{9D0B20B9-B149-429B-A7CE-8D048A2A5635}.Debug|x64.Build.0 = Debug|x64
		{9D0B20B9-B149-429B-A7CE-8D048A2A5635}.Debug|x86.ActiveCfg = Debug|Win32
		{9D0B20B9-B149-429B-A7CE-8D048A2A5635}.Debug|x86.Build.0 = Debug|Win32
		{9D0B20B9-B149-429B-A7CE-8D048A2A5635}.Release|Any CPU.ActiveCfg = Release|x64
		{9D0B20B9-B149-429B-A7CE-8D048A2A5635}.Release|Any CPU.Build.0 = Release|x64
		{9D0B20B9-B149-429B-A7CE-8D048A2A5635}.Release|x64.ActiveCfg = Release|x64
		{9D0B20B9-B149-429B-A7CE-8D048A2A5635}.Release|x64.Build.0 = Release|x64
		{9D0B20B9-B149-429B-A7CE-8D048A2A5635}.Release|x86.ActiveCfg = Release|Win32
		{9D0B20B9-B149-429B-A7CE-8D048A2A5635}.Release|x86.Build.0 = Release|Win32
		{87FFB8BB-20C4-4D0D-8EF6-A39B0C14FF3A}.Debug|Any CPU.ActiveCfg = Debug|x64
		{87FFB8BB-20C4-4D0D-8EF6-A39B0C14FF3A}.Debug|Any CPU.Build.0 = Debug|x64
		{87FFB8BB-20C4-4D0D-8EF6-A39B0C14FF3A}.Debug|x64.ActiveCfg = Debug|x64
		{87FFB8BB-20C4-4D0D-8EF6-A39B0C14FF3A}.Debug|x64.Build.0 = Debug|x64
		{87FFB8BB-20C4-4D0D-8EF6-A39B0C14FF3A}.Debug|x86.ActiveCfg = Debug|Win32
		{87FFB8BB-20C4-4D0D-8EF6-A39B0C14FF3A}.Debug|x86.Build.0 = Debug|Win32
		{87FFB8BB-20C4-4D0D-8EF6-A39B0C14FF3A}.Release|Any CPU.ActiveCfg = Release|x64
		{87FFB8BB-20C4-4D0D-8EF6-A39B0C14FF3A}.Release|Any CPU.Build.0 = Release|x64
		{87FFB8BB-20C4-4D0D-8EF6-A39B0C14FF3A}.Release|x64.ActiveCfg = Release|x64
		{87FFB8BB-20C4-4D0D-8EF6-A39B0C14FF3A}.Release|x64.Build.0 = Release|x64
		{87FFB8BB-20C4-4D0D-8EF6-A39B0C14FF3A}.Release|x86.ActiveCfg = Release|Win32
		{87FFB8BB-20C4-4D0D-8EF6-A39B0C14FF3A}.Release|x86.Build.0 = Release|Win32
		{3C955DE6-99CA-46BD-9C69-20B24CED3B85}.Debug|Any CPU.ActiveCfg = Debug|x64
		{3C955DE6-99CA-46BD-9C69-20B24CED3B85}.Debug|Any CPU.Build.0 = Debug|x64
		{3C955DE6-99CA-46BD-9C69-20B24CED3B85}.Debug|x64.ActiveCfg = Debug|x64
		{3C955DE6-99CA-46BD-9C69-20B24CED3B85}.Debug|x64.Build.0 = Debug|x64
		{3C955DE6-99CA-46BD-9C69-20B24CED3B85}.Debug|x86.ActiveCfg = Debug|Win32
		{3C955DE6-99CA-46BD-9C69-20B24CED3B85}.Debug|x86.Build.0 = Debug|Win32
		{3C955DE6-99CA-46BD-9C69-20B24CED3B85}.Release|Any CPU.ActiveCfg = Release|x64
		{3C955DE6-99CA-46BD-9C69-20B24CED3B85}.Release|Any CPU.Build.0 = Release|x64
		{3C955DE6-99CA-46BD-9C69-20B24CED3B85}.Release|x64.ActiveCfg = Release|x64
		{3C955DE6-99CA-46BD-9C69-20B24CED3B85}.Release|x64.Build.0 = Release|x64
		{3C955DE6-99CA-46BD-9C69-20B24CED3B85}.Release|x86.ActiveCfg = Release|Win32
		{3C955DE6-99CA-46BD-9C69-20B24CED3B85}.Release|x86.Build.0 = Release|Win32
	EndGlobalSection
	GlobalSection(SolutionProperties) = preSolution
		HideSolutionNode = FALSE
	EndGlobalSection
	GlobalSection(NestedProjects) = preSolution
		{07E63B9A-05D4-4769-8642-2D43A169EE8E} = {2F3D1C23-A6EF-4792-8F71-3AECFA31A1D4}
		{8E6C2230-4721-4ECE-AF12-67E3BC2B35D7} = {2F3D1C23-A6EF-4792-8F71-3AECFA31A1D4}
		{1815A2CB-B64F-4A65-88C0-4AB35D202E2D} = {2F3D1C23-A6EF-4792-8F71-3AECFA31A1D4}
		{F577B769-C3A6-4C37-B958-A31E968D5393} = {D7E6C000-1188-488C-8D61-634998A9B773}
		{D7E6C000-1188-488C-8D61-634998A9B773} = {2F3D1C23-A6EF-4792-8F71-3AECFA31A1D4}
		{45568694-A158-4A03-ACF8-3848AB1CA1A7} = {D7E6C000-1188-488C-8D61-634998A9B773}
		{EF87E4FC-B6D5-4C9A-8CBF-B2819221D174} = {2F3D1C23-A6EF-4792-8F71-3AECFA31A1D4}
		{F24FC91C-20D9-4E3B-8044-86D6F57FBB10} = {2F3D1C23-A6EF-4792-8F71-3AECFA31A1D4}
		{9D0B20B9-B149-429B-A7CE-8D048A2A5635} = {2F3D1C23-A6EF-4792-8F71-3AECFA31A1D4}
		{87FFB8BB-20C4-4D0D-8EF6-A39B0C14FF3A} = {2F3D1C23-A6EF-4792-8F71-3AECFA31A1D4}
		{3C955DE6-99CA-46BD-9C69-20B24CED3B85} = {2F3D1C23-A6EF-4792-8F71-3AECFA31A1D4}
	EndGlobalSection
	GlobalSection(ExtensibilityGlobals) = postSolution
		SolutionGuid = {837885E4-7663-4F4D-9A37-22460C73A7B8}
	EndGlobalSection
EndGlobal
