
Microsoft Visual Studio Solution File, Format Version 12.00
# Visual Studio Version 17
VisualStudioVersion = 17.1.32104.313
MinimumVisualStudioVersion = 10.0.40219.1
Project("{8BC9CEB8-8B4A-11D0-8D11-00A0C91BC942}") = "InteropTest", "IntereopTest\InteropTest.vcxproj", "{07E63B9A-05D4-4769-8642-2D43A169EE8E}"
EndProject
Project("{8BC9CEB8-8B4A-11D0-8D11-00A0C91BC942}") = "ISCamera", "ISCamera\ISCamera.vcxproj", "{565B0BC5-117E-40E4-9CF4-8E0A6543D8E4}"
EndProject
Project("{2150E333-8FDC-42A3-9474-1A3956D46DE8}") = "Solution Items", "Solution Items", "{33084390-724F-482E-BAFC-1A6AC7378767}"
	ProjectSection(SolutionItems) = preProject
		.editorconfig = .editorconfig
	EndProjectSection
EndProject
Project("{9A19103F-16F7-4668-BE54-9A1E7A4F7556}") = "Lambda", "Lambda\Lambda.csproj", "{3427B9D6-9D53-4A46-9852-EA0DE59FAE43}"
EndProject
Project("{8BC9CEB8-8B4A-11D0-8D11-00A0C91BC942}") = "RS232", "RS232\RS232.vcxproj", "{F58C6C99-CBED-44B0-B7A4-A94BD9A4EE73}"
EndProject
Project("{8BC9CEB8-8B4A-11D0-8D11-00A0C91BC942}") = "DPCAutoFocus", "DPCAutoFocus\DPCAutoFocus.vcxproj", "{781DAB08-B5DF-4596-AC5A-5F8510C4E0B7}"
EndProject
Project("{8BC9CEB8-8B4A-11D0-8D11-00A0C91BC942}") = "DPC", "DPC\DPC.vcxproj", "{A093B8FF-C9B8-43B0-A6FB-F733340004DF}"
EndProject
Project("{9A19103F-16F7-4668-BE54-9A1E7A4F7556}") = "ConfigSpot", "ConfigSpot\ConfigSpot.csproj", "{E97CD2EF-2E67-4BC8-89A3-73E3EF530E6C}"
EndProject
Project("{9A19103F-16F7-4668-BE54-9A1E7A4F7556}") = "ConfigObjective", "ConfigObjective\ConfigObjective.csproj", "{DD47EB51-DA4C-4E49-BC92-BA3E9EFCF84B}"
EndProject
Project("{9A19103F-16F7-4668-BE54-9A1E7A4F7556}") = "ConfigFocus", "ConfigFocus\ConfigFocus.csproj", "{BD4A3456-BC9A-4868-A83A-478D76D81276}"
EndProject
Project("{9A19103F-16F7-4668-BE54-9A1E7A4F7556}") = "ConfigDPCMode", "ConfigDPCMode\ConfigDPCMode.csproj", "{783812CE-1A5E-4ECF-B6A3-B8A5B49B04BF}"
EndProject
Project("{9A19103F-16F7-4668-BE54-9A1E7A4F7556}") = "ConfigDOFMode", "ConfigDOFMode\ConfigDOFMode.csproj", "{887A8826-068F-46BD-B93E-88B02EED1975}"
EndProject
Project("{9A19103F-16F7-4668-BE54-9A1E7A4F7556}") = "ConfigDeck", "ConfigDeck\ConfigDeck.csproj", "{95A45B7A-0FD7-4173-A907-5A657617A7CA}"
EndProject
Project("{9A19103F-16F7-4668-BE54-9A1E7A4F7556}") = "ConfigContainer", "ConfigContainer\ConfigContainer.csproj", "{29C7F4EE-6A0B-4C09-BC25-83FB51217F68}"
EndProject
Project("{9A19103F-16F7-4668-BE54-9A1E7A4F7556}") = "ConfigCollectInterval", "ConfigCollectInterval\ConfigCollectInterval.csproj", "{D7814972-8FEB-45E2-9C95-017EAA4EE0B7}"
EndProject
Project("{9A19103F-16F7-4668-BE54-9A1E7A4F7556}") = "MenuISCameraSetting", "MenuISCameraSetting\MenuISCameraSetting.csproj", "{6E2D445A-4586-4A25-B386-E8A1182E6EE4}"
EndProject
Project("{9A19103F-16F7-4668-BE54-9A1E7A4F7556}") = "WpfApp1", "WpfApp1\WpfApp1.csproj", "{A11362AE-6BFA-4D4D-B1FA-F2554943EC7B}"
EndProject
Global
	GlobalSection(SolutionConfigurationPlatforms) = preSolution
		Debug|Any CPU = Debug|Any CPU
		Debug|x64 = Debug|x64
		Debug|x86 = Debug|x86
		Release|Any CPU = Release|Any CPU
		Release|x64 = Release|x64
		Release|x86 = Release|x86
	EndGlobalSection
	GlobalSection(ProjectConfigurationPlatforms) = postSolution
		{07E63B9A-05D4-4769-8642-2D43A169EE8E}.Debug|Any CPU.ActiveCfg = Debug|x64
		{07E63B9A-05D4-4769-8642-2D43A169EE8E}.Debug|Any CPU.Build.0 = Debug|x64
		{07E63B9A-05D4-4769-8642-2D43A169EE8E}.Debug|x64.ActiveCfg = Debug|x64
		{07E63B9A-05D4-4769-8642-2D43A169EE8E}.Debug|x64.Build.0 = Debug|x64
		{07E63B9A-05D4-4769-8642-2D43A169EE8E}.Debug|x86.ActiveCfg = Debug|Win32
		{07E63B9A-05D4-4769-8642-2D43A169EE8E}.Debug|x86.Build.0 = Debug|Win32
		{07E63B9A-05D4-4769-8642-2D43A169EE8E}.Release|Any CPU.ActiveCfg = Release|x64
		{07E63B9A-05D4-4769-8642-2D43A169EE8E}.Release|Any CPU.Build.0 = Release|x64
		{07E63B9A-05D4-4769-8642-2D43A169EE8E}.Release|x64.ActiveCfg = Release|x64
		{07E63B9A-05D4-4769-8642-2D43A169EE8E}.Release|x64.Build.0 = Release|x64
		{07E63B9A-05D4-4769-8642-2D43A169EE8E}.Release|x86.ActiveCfg = Release|Win32
		{07E63B9A-05D4-4769-8642-2D43A169EE8E}.Release|x86.Build.0 = Release|Win32
		{565B0BC5-117E-40E4-9CF4-8E0A6543D8E4}.Debug|Any CPU.ActiveCfg = Debug|x64
		{565B0BC5-117E-40E4-9CF4-8E0A6543D8E4}.Debug|Any CPU.Build.0 = Debug|x64
		{565B0BC5-117E-40E4-9CF4-8E0A6543D8E4}.Debug|x64.ActiveCfg = Debug|x64
		{565B0BC5-117E-40E4-9CF4-8E0A6543D8E4}.Debug|x64.Build.0 = Debug|x64
		{565B0BC5-117E-40E4-9CF4-8E0A6543D8E4}.Debug|x86.ActiveCfg = Debug|Win32
		{565B0BC5-117E-40E4-9CF4-8E0A6543D8E4}.Debug|x86.Build.0 = Debug|Win32
		{565B0BC5-117E-40E4-9CF4-8E0A6543D8E4}.Release|Any CPU.ActiveCfg = Release|x64
		{565B0BC5-117E-40E4-9CF4-8E0A6543D8E4}.Release|Any CPU.Build.0 = Release|x64
		{565B0BC5-117E-40E4-9CF4-8E0A6543D8E4}.Release|x64.ActiveCfg = Release|x64
		{565B0BC5-117E-40E4-9CF4-8E0A6543D8E4}.Release|x64.Build.0 = Release|x64
		{565B0BC5-117E-40E4-9CF4-8E0A6543D8E4}.Release|x86.ActiveCfg = Release|Win32
		{565B0BC5-117E-40E4-9CF4-8E0A6543D8E4}.Release|x86.Build.0 = Release|Win32
		{3427B9D6-9D53-4A46-9852-EA0DE59FAE43}.Debug|Any CPU.ActiveCfg = Debug|Any CPU
		{3427B9D6-9D53-4A46-9852-EA0DE59FAE43}.Debug|Any CPU.Build.0 = Debug|Any CPU
		{3427B9D6-9D53-4A46-9852-EA0DE59FAE43}.Debug|x64.ActiveCfg = Debug|Any CPU
		{3427B9D6-9D53-4A46-9852-EA0DE59FAE43}.Debug|x64.Build.0 = Debug|Any CPU
		{3427B9D6-9D53-4A46-9852-EA0DE59FAE43}.Debug|x86.ActiveCfg = Debug|Any CPU
		{3427B9D6-9D53-4A46-9852-EA0DE59FAE43}.Debug|x86.Build.0 = Debug|Any CPU
		{3427B9D6-9D53-4A46-9852-EA0DE59FAE43}.Release|Any CPU.ActiveCfg = Release|Any CPU
		{3427B9D6-9D53-4A46-9852-EA0DE59FAE43}.Release|Any CPU.Build.0 = Release|Any CPU
		{3427B9D6-9D53-4A46-9852-EA0DE59FAE43}.Release|x64.ActiveCfg = Release|x64
		{3427B9D6-9D53-4A46-9852-EA0DE59FAE43}.Release|x64.Build.0 = Release|x64
		{3427B9D6-9D53-4A46-9852-EA0DE59FAE43}.Release|x86.ActiveCfg = Release|Any CPU
		{3427B9D6-9D53-4A46-9852-EA0DE59FAE43}.Release|x86.Build.0 = Release|Any CPU
		{F58C6C99-CBED-44B0-B7A4-A94BD9A4EE73}.Debug|Any CPU.ActiveCfg = Debug|x64
		{F58C6C99-CBED-44B0-B7A4-A94BD9A4EE73}.Debug|Any CPU.Build.0 = Debug|x64
		{F58C6C99-CBED-44B0-B7A4-A94BD9A4EE73}.Debug|x64.ActiveCfg = Debug|x64
		{F58C6C99-CBED-44B0-B7A4-A94BD9A4EE73}.Debug|x64.Build.0 = Debug|x64
		{F58C6C99-CBED-44B0-B7A4-A94BD9A4EE73}.Debug|x86.ActiveCfg = Debug|Win32
		{F58C6C99-CBED-44B0-B7A4-A94BD9A4EE73}.Debug|x86.Build.0 = Debug|Win32
		{F58C6C99-CBED-44B0-B7A4-A94BD9A4EE73}.Release|Any CPU.ActiveCfg = Release|x64
		{F58C6C99-CBED-44B0-B7A4-A94BD9A4EE73}.Release|Any CPU.Build.0 = Release|x64
		{F58C6C99-CBED-44B0-B7A4-A94BD9A4EE73}.Release|x64.ActiveCfg = Release|x64
		{F58C6C99-CBED-44B0-B7A4-A94BD9A4EE73}.Release|x64.Build.0 = Release|x64
		{F58C6C99-CBED-44B0-B7A4-A94BD9A4EE73}.Release|x86.ActiveCfg = Release|Win32
		{F58C6C99-CBED-44B0-B7A4-A94BD9A4EE73}.Release|x86.Build.0 = Release|Win32
		{781DAB08-B5DF-4596-AC5A-5F8510C4E0B7}.Debug|Any CPU.ActiveCfg = Debug|x64
		{781DAB08-B5DF-4596-AC5A-5F8510C4E0B7}.Debug|Any CPU.Build.0 = Debug|x64
		{781DAB08-B5DF-4596-AC5A-5F8510C4E0B7}.Debug|x64.ActiveCfg = Debug|x64
		{781DAB08-B5DF-4596-AC5A-5F8510C4E0B7}.Debug|x64.Build.0 = Debug|x64
		{781DAB08-B5DF-4596-AC5A-5F8510C4E0B7}.Debug|x86.ActiveCfg = Debug|Win32
		{781DAB08-B5DF-4596-AC5A-5F8510C4E0B7}.Debug|x86.Build.0 = Debug|Win32
		{781DAB08-B5DF-4596-AC5A-5F8510C4E0B7}.Release|Any CPU.ActiveCfg = Release|x64
		{781DAB08-B5DF-4596-AC5A-5F8510C4E0B7}.Release|Any CPU.Build.0 = Release|x64
		{781DAB08-B5DF-4596-AC5A-5F8510C4E0B7}.Release|x64.ActiveCfg = Release|x64
		{781DAB08-B5DF-4596-AC5A-5F8510C4E0B7}.Release|x64.Build.0 = Release|x64
		{781DAB08-B5DF-4596-AC5A-5F8510C4E0B7}.Release|x86.ActiveCfg = Release|Win32
		{781DAB08-B5DF-4596-AC5A-5F8510C4E0B7}.Release|x86.Build.0 = Release|Win32
		{A093B8FF-C9B8-43B0-A6FB-F733340004DF}.Debug|Any CPU.ActiveCfg = Debug|x64
		{A093B8FF-C9B8-43B0-A6FB-F733340004DF}.Debug|Any CPU.Build.0 = Debug|x64
		{A093B8FF-C9B8-43B0-A6FB-F733340004DF}.Debug|x64.ActiveCfg = Debug|x64
		{A093B8FF-C9B8-43B0-A6FB-F733340004DF}.Debug|x64.Build.0 = Debug|x64
		{A093B8FF-C9B8-43B0-A6FB-F733340004DF}.Debug|x86.ActiveCfg = Debug|Win32
		{A093B8FF-C9B8-43B0-A6FB-F733340004DF}.Debug|x86.Build.0 = Debug|Win32
		{A093B8FF-C9B8-43B0-A6FB-F733340004DF}.Release|Any CPU.ActiveCfg = Release|x64
		{A093B8FF-C9B8-43B0-A6FB-F733340004DF}.Release|Any CPU.Build.0 = Release|x64
		{A093B8FF-C9B8-43B0-A6FB-F733340004DF}.Release|x64.ActiveCfg = Release|x64
		{A093B8FF-C9B8-43B0-A6FB-F733340004DF}.Release|x64.Build.0 = Release|x64
		{A093B8FF-C9B8-43B0-A6FB-F733340004DF}.Release|x86.ActiveCfg = Release|Win32
		{A093B8FF-C9B8-43B0-A6FB-F733340004DF}.Release|x86.Build.0 = Release|Win32
		{E97CD2EF-2E67-4BC8-89A3-73E3EF530E6C}.Debug|Any CPU.ActiveCfg = Debug|Any CPU
		{E97CD2EF-2E67-4BC8-89A3-73E3EF530E6C}.Debug|Any CPU.Build.0 = Debug|Any CPU
		{E97CD2EF-2E67-4BC8-89A3-73E3EF530E6C}.Debug|x64.ActiveCfg = Debug|Any CPU
		{E97CD2EF-2E67-4BC8-89A3-73E3EF530E6C}.Debug|x64.Build.0 = Debug|Any CPU
		{E97CD2EF-2E67-4BC8-89A3-73E3EF530E6C}.Debug|x86.ActiveCfg = Debug|Any CPU
		{E97CD2EF-2E67-4BC8-89A3-73E3EF530E6C}.Debug|x86.Build.0 = Debug|Any CPU
		{E97CD2EF-2E67-4BC8-89A3-73E3EF530E6C}.Release|Any CPU.ActiveCfg = Release|Any CPU
		{E97CD2EF-2E67-4BC8-89A3-73E3EF530E6C}.Release|Any CPU.Build.0 = Release|Any CPU
		{E97CD2EF-2E67-4BC8-89A3-73E3EF530E6C}.Release|x64.ActiveCfg = Release|Any CPU
		{E97CD2EF-2E67-4BC8-89A3-73E3EF530E6C}.Release|x64.Build.0 = Release|Any CPU
		{E97CD2EF-2E67-4BC8-89A3-73E3EF530E6C}.Release|x86.ActiveCfg = Release|Any CPU
		{E97CD2EF-2E67-4BC8-89A3-73E3EF530E6C}.Release|x86.Build.0 = Release|Any CPU
		{DD47EB51-DA4C-4E49-BC92-BA3E9EFCF84B}.Debug|Any CPU.ActiveCfg = Debug|Any CPU
		{DD47EB51-DA4C-4E49-BC92-BA3E9EFCF84B}.Debug|Any CPU.Build.0 = Debug|Any CPU
		{DD47EB51-DA4C-4E49-BC92-BA3E9EFCF84B}.Debug|x64.ActiveCfg = Debug|Any CPU
		{DD47EB51-DA4C-4E49-BC92-BA3E9EFCF84B}.Debug|x64.Build.0 = Debug|Any CPU
		{DD47EB51-DA4C-4E49-BC92-BA3E9EFCF84B}.Debug|x86.ActiveCfg = Debug|Any CPU
		{DD47EB51-DA4C-4E49-BC92-BA3E9EFCF84B}.Debug|x86.Build.0 = Debug|Any CPU
		{DD47EB51-DA4C-4E49-BC92-BA3E9EFCF84B}.Release|Any CPU.ActiveCfg = Release|Any CPU
		{DD47EB51-DA4C-4E49-BC92-BA3E9EFCF84B}.Release|Any CPU.Build.0 = Release|Any CPU
		{DD47EB51-DA4C-4E49-BC92-BA3E9EFCF84B}.Release|x64.ActiveCfg = Release|Any CPU
		{DD47EB51-DA4C-4E49-BC92-BA3E9EFCF84B}.Release|x64.Build.0 = Release|Any CPU
		{DD47EB51-DA4C-4E49-BC92-BA3E9EFCF84B}.Release|x86.ActiveCfg = Release|Any CPU
		{DD47EB51-DA4C-4E49-BC92-BA3E9EFCF84B}.Release|x86.Build.0 = Release|Any CPU
		{BD4A3456-BC9A-4868-A83A-478D76D81276}.Debug|Any CPU.ActiveCfg = Debug|Any CPU
		{BD4A3456-BC9A-4868-A83A-478D76D81276}.Debug|Any CPU.Build.0 = Debug|Any CPU
		{BD4A3456-BC9A-4868-A83A-478D76D81276}.Debug|x64.ActiveCfg = Debug|Any CPU
		{BD4A3456-BC9A-4868-A83A-478D76D81276}.Debug|x64.Build.0 = Debug|Any CPU
		{BD4A3456-BC9A-4868-A83A-478D76D81276}.Debug|x86.ActiveCfg = Debug|Any CPU
		{BD4A3456-BC9A-4868-A83A-478D76D81276}.Debug|x86.Build.0 = Debug|Any CPU
		{BD4A3456-BC9A-4868-A83A-478D76D81276}.Release|Any CPU.ActiveCfg = Release|Any CPU
		{BD4A3456-BC9A-4868-A83A-478D76D81276}.Release|Any CPU.Build.0 = Release|Any CPU
		{BD4A3456-BC9A-4868-A83A-478D76D81276}.Release|x64.ActiveCfg = Release|Any CPU
		{BD4A3456-BC9A-4868-A83A-478D76D81276}.Release|x64.Build.0 = Release|Any CPU
		{BD4A3456-BC9A-4868-A83A-478D76D81276}.Release|x86.ActiveCfg = Release|Any CPU
		{BD4A3456-BC9A-4868-A83A-478D76D81276}.Release|x86.Build.0 = Release|Any CPU
		{783812CE-1A5E-4ECF-B6A3-B8A5B49B04BF}.Debug|Any CPU.ActiveCfg = Debug|Any CPU
		{783812CE-1A5E-4ECF-B6A3-B8A5B49B04BF}.Debug|Any CPU.Build.0 = Debug|Any CPU
		{783812CE-1A5E-4ECF-B6A3-B8A5B49B04BF}.Debug|x64.ActiveCfg = Debug|Any CPU
		{783812CE-1A5E-4ECF-B6A3-B8A5B49B04BF}.Debug|x64.Build.0 = Debug|Any CPU
		{783812CE-1A5E-4ECF-B6A3-B8A5B49B04BF}.Debug|x86.ActiveCfg = Debug|Any CPU
		{783812CE-1A5E-4ECF-B6A3-B8A5B49B04BF}.Debug|x86.Build.0 = Debug|Any CPU
		{783812CE-1A5E-4ECF-B6A3-B8A5B49B04BF}.Release|Any CPU.ActiveCfg = Release|Any CPU
		{783812CE-1A5E-4ECF-B6A3-B8A5B49B04BF}.Release|Any CPU.Build.0 = Release|Any CPU
		{783812CE-1A5E-4ECF-B6A3-B8A5B49B04BF}.Release|x64.ActiveCfg = Release|Any CPU
		{783812CE-1A5E-4ECF-B6A3-B8A5B49B04BF}.Release|x64.Build.0 = Release|Any CPU
		{783812CE-1A5E-4ECF-B6A3-B8A5B49B04BF}.Release|x86.ActiveCfg = Release|Any CPU
		{783812CE-1A5E-4ECF-B6A3-B8A5B49B04BF}.Release|x86.Build.0 = Release|Any CPU
		{887A8826-068F-46BD-B93E-88B02EED1975}.Debug|Any CPU.ActiveCfg = Debug|Any CPU
		{887A8826-068F-46BD-B93E-88B02EED1975}.Debug|Any CPU.Build.0 = Debug|Any CPU
		{887A8826-068F-46BD-B93E-88B02EED1975}.Debug|x64.ActiveCfg = Debug|Any CPU
		{887A8826-068F-46BD-B93E-88B02EED1975}.Debug|x64.Build.0 = Debug|Any CPU
		{887A8826-068F-46BD-B93E-88B02EED1975}.Debug|x86.ActiveCfg = Debug|Any CPU
		{887A8826-068F-46BD-B93E-88B02EED1975}.Debug|x86.Build.0 = Debug|Any CPU
		{887A8826-068F-46BD-B93E-88B02EED1975}.Release|Any CPU.ActiveCfg = Release|Any CPU
		{887A8826-068F-46BD-B93E-88B02EED1975}.Release|Any CPU.Build.0 = Release|Any CPU
		{887A8826-068F-46BD-B93E-88B02EED1975}.Release|x64.ActiveCfg = Release|Any CPU
		{887A8826-068F-46BD-B93E-88B02EED1975}.Release|x64.Build.0 = Release|Any CPU
		{887A8826-068F-46BD-B93E-88B02EED1975}.Release|x86.ActiveCfg = Release|Any CPU
		{887A8826-068F-46BD-B93E-88B02EED1975}.Release|x86.Build.0 = Release|Any CPU
		{95A45B7A-0FD7-4173-A907-5A657617A7CA}.Debug|Any CPU.ActiveCfg = Debug|Any CPU
		{95A45B7A-0FD7-4173-A907-5A657617A7CA}.Debug|Any CPU.Build.0 = Debug|Any CPU
		{95A45B7A-0FD7-4173-A907-5A657617A7CA}.Debug|x64.ActiveCfg = Debug|Any CPU
		{95A45B7A-0FD7-4173-A907-5A657617A7CA}.Debug|x64.Build.0 = Debug|Any CPU
		{95A45B7A-0FD7-4173-A907-5A657617A7CA}.Debug|x86.ActiveCfg = Debug|Any CPU
		{95A45B7A-0FD7-4173-A907-5A657617A7CA}.Debug|x86.Build.0 = Debug|Any CPU
		{95A45B7A-0FD7-4173-A907-5A657617A7CA}.Release|Any CPU.ActiveCfg = Release|Any CPU
		{95A45B7A-0FD7-4173-A907-5A657617A7CA}.Release|Any CPU.Build.0 = Release|Any CPU
		{95A45B7A-0FD7-4173-A907-5A657617A7CA}.Release|x64.ActiveCfg = Release|Any CPU
		{95A45B7A-0FD7-4173-A907-5A657617A7CA}.Release|x64.Build.0 = Release|Any CPU
		{95A45B7A-0FD7-4173-A907-5A657617A7CA}.Release|x86.ActiveCfg = Release|Any CPU
		{95A45B7A-0FD7-4173-A907-5A657617A7CA}.Release|x86.Build.0 = Release|Any CPU
		{29C7F4EE-6A0B-4C09-BC25-83FB51217F68}.Debug|Any CPU.ActiveCfg = Debug|Any CPU
		{29C7F4EE-6A0B-4C09-BC25-83FB51217F68}.Debug|Any CPU.Build.0 = Debug|Any CPU
		{29C7F4EE-6A0B-4C09-BC25-83FB51217F68}.Debug|x64.ActiveCfg = Debug|Any CPU
		{29C7F4EE-6A0B-4C09-BC25-83FB51217F68}.Debug|x64.Build.0 = Debug|Any CPU
		{29C7F4EE-6A0B-4C09-BC25-83FB51217F68}.Debug|x86.ActiveCfg = Debug|Any CPU
		{29C7F4EE-6A0B-4C09-BC25-83FB51217F68}.Debug|x86.Build.0 = Debug|Any CPU
		{29C7F4EE-6A0B-4C09-BC25-83FB51217F68}.Release|Any CPU.ActiveCfg = Release|Any CPU
		{29C7F4EE-6A0B-4C09-BC25-83FB51217F68}.Release|Any CPU.Build.0 = Release|Any CPU
		{29C7F4EE-6A0B-4C09-BC25-83FB51217F68}.Release|x64.ActiveCfg = Release|Any CPU
		{29C7F4EE-6A0B-4C09-BC25-83FB51217F68}.Release|x64.Build.0 = Release|Any CPU
		{29C7F4EE-6A0B-4C09-BC25-83FB51217F68}.Release|x86.ActiveCfg = Release|Any CPU
		{29C7F4EE-6A0B-4C09-BC25-83FB51217F68}.Release|x86.Build.0 = Release|Any CPU
		{D7814972-8FEB-45E2-9C95-017EAA4EE0B7}.Debug|Any CPU.ActiveCfg = Debug|Any CPU
		{D7814972-8FEB-45E2-9C95-017EAA4EE0B7}.Debug|Any CPU.Build.0 = Debug|Any CPU
		{D7814972-8FEB-45E2-9C95-017EAA4EE0B7}.Debug|x64.ActiveCfg = Debug|Any CPU
		{D7814972-8FEB-45E2-9C95-017EAA4EE0B7}.Debug|x64.Build.0 = Debug|Any CPU
		{D7814972-8FEB-45E2-9C95-017EAA4EE0B7}.Debug|x86.ActiveCfg = Debug|Any CPU
		{D7814972-8FEB-45E2-9C95-017EAA4EE0B7}.Debug|x86.Build.0 = Debug|Any CPU
		{D7814972-8FEB-45E2-9C95-017EAA4EE0B7}.Release|Any CPU.ActiveCfg = Release|Any CPU
		{D7814972-8FEB-45E2-9C95-017EAA4EE0B7}.Release|Any CPU.Build.0 = Release|Any CPU
		{D7814972-8FEB-45E2-9C95-017EAA4EE0B7}.Release|x64.ActiveCfg = Release|Any CPU
		{D7814972-8FEB-45E2-9C95-017EAA4EE0B7}.Release|x64.Build.0 = Release|Any CPU
		{D7814972-8FEB-45E2-9C95-017EAA4EE0B7}.Release|x86.ActiveCfg = Release|Any CPU
		{D7814972-8FEB-45E2-9C95-017EAA4EE0B7}.Release|x86.Build.0 = Release|Any CPU
		{6E2D445A-4586-4A25-B386-E8A1182E6EE4}.Debug|Any CPU.ActiveCfg = Debug|Any CPU
		{6E2D445A-4586-4A25-B386-E8A1182E6EE4}.Debug|Any CPU.Build.0 = Debug|Any CPU
		{6E2D445A-4586-4A25-B386-E8A1182E6EE4}.Debug|x64.ActiveCfg = Debug|Any CPU
		{6E2D445A-4586-4A25-B386-E8A1182E6EE4}.Debug|x64.Build.0 = Debug|Any CPU
		{6E2D445A-4586-4A25-B386-E8A1182E6EE4}.Debug|x86.ActiveCfg = Debug|Any CPU
		{6E2D445A-4586-4A25-B386-E8A1182E6EE4}.Debug|x86.Build.0 = Debug|Any CPU
		{6E2D445A-4586-4A25-B386-E8A1182E6EE4}.Release|Any CPU.ActiveCfg = Release|Any CPU
		{6E2D445A-4586-4A25-B386-E8A1182E6EE4}.Release|Any CPU.Build.0 = Release|Any CPU
		{6E2D445A-4586-4A25-B386-E8A1182E6EE4}.Release|x64.ActiveCfg = Release|Any CPU
		{6E2D445A-4586-4A25-B386-E8A1182E6EE4}.Release|x64.Build.0 = Release|Any CPU
		{6E2D445A-4586-4A25-B386-E8A1182E6EE4}.Release|x86.ActiveCfg = Release|Any CPU
		{6E2D445A-4586-4A25-B386-E8A1182E6EE4}.Release|x86.Build.0 = Release|Any CPU
		{A11362AE-6BFA-4D4D-B1FA-F2554943EC7B}.Debug|Any CPU.ActiveCfg = Debug|Any CPU
		{A11362AE-6BFA-4D4D-B1FA-F2554943EC7B}.Debug|Any CPU.Build.0 = Debug|Any CPU
		{A11362AE-6BFA-4D4D-B1FA-F2554943EC7B}.Debug|x64.ActiveCfg = Debug|Any CPU
		{A11362AE-6BFA-4D4D-B1FA-F2554943EC7B}.Debug|x64.Build.0 = Debug|Any CPU
		{A11362AE-6BFA-4D4D-B1FA-F2554943EC7B}.Debug|x86.ActiveCfg = Debug|Any CPU
		{A11362AE-6BFA-4D4D-B1FA-F2554943EC7B}.Debug|x86.Build.0 = Debug|Any CPU
		{A11362AE-6BFA-4D4D-B1FA-F2554943EC7B}.Release|Any CPU.ActiveCfg = Release|Any CPU
		{A11362AE-6BFA-4D4D-B1FA-F2554943EC7B}.Release|Any CPU.Build.0 = Release|Any CPU
		{A11362AE-6BFA-4D4D-B1FA-F2554943EC7B}.Release|x64.ActiveCfg = Release|Any CPU
		{A11362AE-6BFA-4D4D-B1FA-F2554943EC7B}.Release|x64.Build.0 = Release|Any CPU
		{A11362AE-6BFA-4D4D-B1FA-F2554943EC7B}.Release|x86.ActiveCfg = Release|Any CPU
		{A11362AE-6BFA-4D4D-B1FA-F2554943EC7B}.Release|x86.Build.0 = Release|Any CPU
	EndGlobalSection
	GlobalSection(SolutionProperties) = preSolution
		HideSolutionNode = FALSE
	EndGlobalSection
	GlobalSection(ExtensibilityGlobals) = postSolution
		SolutionGuid = {837885E4-7663-4F4D-9A37-22460C73A7B8}
	EndGlobalSection
EndGlobal
