
Microsoft Visual Studio Solution File, Format Version 12.00
# Visual Studio Version 17
VisualStudioVersion = 17.1.32104.313
MinimumVisualStudioVersion = 10.0.40219.1
Project("{8BC9CEB8-8B4A-11D0-8D11-00A0C91BC942}") = "InteropTest", "IntereopTest\InteropTest.vcxproj", "{07E63B9A-05D4-4769-8642-2D43A169EE8E}"
EndProject
Project("{8BC9CEB8-8B4A-11D0-8D11-00A0C91BC942}") = "ISCamera", "ISCamera\ISCamera.vcxproj", "{565B0BC5-117E-40E4-9CF4-8E0A6543D8E4}"
EndProject
Global
	GlobalSection(SolutionConfigurationPlatforms) = preSolution
		Debug|x64 = Debug|x64
		Debug|x86 = Debug|x86
		Release|x64 = Release|x64
		Release|x86 = Release|x86
	EndGlobalSection
	GlobalSection(ProjectConfigurationPlatforms) = postSolution
		{07E63B9A-05D4-4769-8642-2D43A169EE8E}.Debug|x64.ActiveCfg = Debug|x64
		{07E63B9A-05D4-4769-8642-2D43A169EE8E}.Debug|x64.Build.0 = Debug|x64
		{07E63B9A-05D4-4769-8642-2D43A169EE8E}.Debug|x86.ActiveCfg = Debug|Win32
		{07E63B9A-05D4-4769-8642-2D43A169EE8E}.Debug|x86.Build.0 = Debug|Win32
		{07E63B9A-05D4-4769-8642-2D43A169EE8E}.Release|x64.ActiveCfg = Release|x64
		{07E63B9A-05D4-4769-8642-2D43A169EE8E}.Release|x64.Build.0 = Release|x64
		{07E63B9A-05D4-4769-8642-2D43A169EE8E}.Release|x86.ActiveCfg = Release|Win32
		{07E63B9A-05D4-4769-8642-2D43A169EE8E}.Release|x86.Build.0 = Release|Win32
		{565B0BC5-117E-40E4-9CF4-8E0A6543D8E4}.Debug|x64.ActiveCfg = Debug|x64
		{565B0BC5-117E-40E4-9CF4-8E0A6543D8E4}.Debug|x64.Build.0 = Debug|x64
		{565B0BC5-117E-40E4-9CF4-8E0A6543D8E4}.Debug|x86.ActiveCfg = Debug|Win32
		{565B0BC5-117E-40E4-9CF4-8E0A6543D8E4}.Debug|x86.Build.0 = Debug|Win32
		{565B0BC5-117E-40E4-9CF4-8E0A6543D8E4}.Release|x64.ActiveCfg = Release|x64
		{565B0BC5-117E-40E4-9CF4-8E0A6543D8E4}.Release|x64.Build.0 = Release|x64
		{565B0BC5-117E-40E4-9CF4-8E0A6543D8E4}.Release|x86.ActiveCfg = Release|Win32
		{565B0BC5-117E-40E4-9CF4-8E0A6543D8E4}.Release|x86.Build.0 = Release|Win32
	EndGlobalSection
	GlobalSection(SolutionProperties) = preSolution
		HideSolutionNode = FALSE
	EndGlobalSection
	GlobalSection(ExtensibilityGlobals) = postSolution
		SolutionGuid = {837885E4-7663-4F4D-9A37-22460C73A7B8}
	EndGlobalSection
EndGlobal
