
Microsoft Visual Studio Solution File, Format Version 12.00
# Visual Studio Version 17
VisualStudioVersion = 17.1.32104.313
MinimumVisualStudioVersion = 10.0.40219.1
Project("{2150E333-8FDC-42A3-9474-1A3956D46DE8}") = "Solution Items", "Solution Items", "{33084390-724F-482E-BAFC-1A6AC7378767}"
	ProjectSection(SolutionItems) = preProject
		.editorconfig = .editorconfig
	EndProjectSection
EndProject
Project("{9A19103F-16F7-4668-BE54-9A1E7A4F7556}") = "ConfigObjective", "ConfigObjective\ConfigObjective.csproj", "{DD47EB51-DA4C-4E49-BC92-BA3E9EFCF84B}"
EndProject
Project("{9A19103F-16F7-4668-BE54-9A1E7A4F7556}") = "Grid", "Grid\Grid.csproj", "{021D4E03-82FE-4B8B-90C5-91A5AD456248}"
EndProject
Project("{9A19103F-16F7-4668-BE54-9A1E7A4F7556}") = "Wizard", "Wizard\Wizard.csproj", "{C359356E-F744-4B23-AA1A-14A3D9B85AAC}"
EndProject
Project("{9A19103F-16F7-4668-BE54-9A1E7A4F7556}") = "Global", "Global\Global.csproj", "{D22D2E10-68E7-48AA-9690-F79A5038C173}"
EndProject
Project("{9A19103F-16F7-4668-BE54-9A1E7A4F7556}") = "ThemeManager", "ThemeManager\ThemeManager.csproj", "{3D862AED-5057-4410-884A-8D0B7115D5D5}"
EndProject
Project("{9A19103F-16F7-4668-BE54-9A1E7A4F7556}") = "ConfigBottomView", "ConfigBottomView\ConfigBottomView.csproj", "{9C855A4F-4D84-421C-9963-B6E94D00D81A}"
EndProject
Project("{9A19103F-16F7-4668-BE54-9A1E7A4F7556}") = "Solution", "Solution\Solution.csproj", "{E7B9C9FA-582C-49C6-AF76-CC838402ED1D}"
EndProject
Project("{9A19103F-16F7-4668-BE54-9A1E7A4F7556}") = "LambdaUtils", "LambdaUtils\LambdaUtils.csproj", "{C777E41D-A2E7-40B0-9719-32C7568CFA78}"
EndProject
Project("{9A19103F-16F7-4668-BE54-9A1E7A4F7556}") = "Lambda", "Lambda\Lambda.csproj", "{A4732DF9-4906-492A-AB46-9C5FB65D2198}"
EndProject
Project("{9A19103F-16F7-4668-BE54-9A1E7A4F7556}") = "AboutMsg", "AboutMsg\AboutMsg.csproj", "{A8C627AE-CE63-4CF2-A878-EB200D6C6FF4}"
EndProject
Project("{9A19103F-16F7-4668-BE54-9A1E7A4F7556}") = "ACE", "ACE\ACE.csproj", "{E3FD6A48-4E0A-4243-A13D-064F8FAA307B}"
EndProject
Project("{9A19103F-16F7-4668-BE54-9A1E7A4F7556}") = "ToolHash", "ToolHash\ToolHash.csproj", "{CCB58B2D-196B-4665-BC1B-DB38E0DF5CE5}"
EndProject
Project("{9A19103F-16F7-4668-BE54-9A1E7A4F7556}") = "Register", "Register\Register.csproj", "{DC191150-6557-4D2F-86AA-50702672B4F3}"
EndProject
Project("{9A19103F-16F7-4668-BE54-9A1E7A4F7556}") = "Global.Common", "Global.Common\Global.Common.csproj", "{F1D01C35-D638-4362-BD2E-0DA334A5C501}"
EndProject
Project("{9A19103F-16F7-4668-BE54-9A1E7A4F7556}") = "ConfigSetting", "ConfigSetting\ConfigSetting.csproj", "{C2D37CD4-FD95-4E2D-B802-100088007710}"
EndProject
Project("{FAE04EC0-301F-11D3-BF4B-00C04F79EFBC}") = "Global.Reg", "Global.Reg\Global.Reg.csproj", "{C781355B-49D1-423C-B2E8-2ECB305E690E}"
EndProject
Project("{9A19103F-16F7-4668-BE54-9A1E7A4F7556}") = "Global.Setting", "Global.Setting\Global.Setting.csproj", "{A0176F05-5DB4-4A97-9627-17A96724F792}"
EndProject
Project("{9A19103F-16F7-4668-BE54-9A1E7A4F7556}") = "InkManager", "InkManager\InkManager.csproj", "{558E4243-6D60-4435-A4F2-F7DD259CAAF1}"
EndProject
Project("{9A19103F-16F7-4668-BE54-9A1E7A4F7556}") = "WpfApp5", "WpfApp5\WpfApp5.csproj", "{0E3A66AD-07E5-4BC8-AA31-2742697E6C76}"
EndProject
Project("{9A19103F-16F7-4668-BE54-9A1E7A4F7556}") = "WpfApp6", "WpfApp6\WpfApp6.csproj", "{899EF028-3EAF-4110-92B8-41C13840CDC3}"
EndProject
Project("{FAE04EC0-301F-11D3-BF4B-00C04F79EFBC}") = "GalleryView", "GalleryView\GalleryView.csproj", "{5C559AB1-6197-4ED8-8D53-46D46590F4EF}"
EndProject
Global
	GlobalSection(SolutionConfigurationPlatforms) = preSolution
		Debug|Any CPU = Debug|Any CPU
		Debug|x64 = Debug|x64
		Debug|x86 = Debug|x86
		Release|Any CPU = Release|Any CPU
		Release|x64 = Release|x64
		Release|x86 = Release|x86
	EndGlobalSection
	GlobalSection(ProjectConfigurationPlatforms) = postSolution
		{DD47EB51-DA4C-4E49-BC92-BA3E9EFCF84B}.Debug|Any CPU.ActiveCfg = Debug|Any CPU
		{DD47EB51-DA4C-4E49-BC92-BA3E9EFCF84B}.Debug|Any CPU.Build.0 = Debug|Any CPU
		{DD47EB51-DA4C-4E49-BC92-BA3E9EFCF84B}.Debug|x64.ActiveCfg = Debug|x64
		{DD47EB51-DA4C-4E49-BC92-BA3E9EFCF84B}.Debug|x64.Build.0 = Debug|x64
		{DD47EB51-DA4C-4E49-BC92-BA3E9EFCF84B}.Debug|x86.ActiveCfg = Debug|Any CPU
		{DD47EB51-DA4C-4E49-BC92-BA3E9EFCF84B}.Debug|x86.Build.0 = Debug|Any CPU
		{DD47EB51-DA4C-4E49-BC92-BA3E9EFCF84B}.Release|Any CPU.ActiveCfg = Release|Any CPU
		{DD47EB51-DA4C-4E49-BC92-BA3E9EFCF84B}.Release|Any CPU.Build.0 = Release|Any CPU
		{DD47EB51-DA4C-4E49-BC92-BA3E9EFCF84B}.Release|x64.ActiveCfg = Release|x64
		{DD47EB51-DA4C-4E49-BC92-BA3E9EFCF84B}.Release|x64.Build.0 = Release|x64
		{DD47EB51-DA4C-4E49-BC92-BA3E9EFCF84B}.Release|x86.ActiveCfg = Release|Any CPU
		{DD47EB51-DA4C-4E49-BC92-BA3E9EFCF84B}.Release|x86.Build.0 = Release|Any CPU
		{021D4E03-82FE-4B8B-90C5-91A5AD456248}.Debug|Any CPU.ActiveCfg = Debug|Any CPU
		{021D4E03-82FE-4B8B-90C5-91A5AD456248}.Debug|Any CPU.Build.0 = Debug|Any CPU
		{021D4E03-82FE-4B8B-90C5-91A5AD456248}.Debug|x64.ActiveCfg = Debug|x64
		{021D4E03-82FE-4B8B-90C5-91A5AD456248}.Debug|x64.Build.0 = Debug|x64
		{021D4E03-82FE-4B8B-90C5-91A5AD456248}.Debug|x86.ActiveCfg = Debug|Any CPU
		{021D4E03-82FE-4B8B-90C5-91A5AD456248}.Debug|x86.Build.0 = Debug|Any CPU
		{021D4E03-82FE-4B8B-90C5-91A5AD456248}.Release|Any CPU.ActiveCfg = Release|Any CPU
		{021D4E03-82FE-4B8B-90C5-91A5AD456248}.Release|Any CPU.Build.0 = Release|Any CPU
		{021D4E03-82FE-4B8B-90C5-91A5AD456248}.Release|x64.ActiveCfg = Release|x64
		{021D4E03-82FE-4B8B-90C5-91A5AD456248}.Release|x64.Build.0 = Release|x64
		{021D4E03-82FE-4B8B-90C5-91A5AD456248}.Release|x86.ActiveCfg = Release|Any CPU
		{021D4E03-82FE-4B8B-90C5-91A5AD456248}.Release|x86.Build.0 = Release|Any CPU
		{C359356E-F744-4B23-AA1A-14A3D9B85AAC}.Debug|Any CPU.ActiveCfg = Debug|Any CPU
		{C359356E-F744-4B23-AA1A-14A3D9B85AAC}.Debug|Any CPU.Build.0 = Debug|Any CPU
		{C359356E-F744-4B23-AA1A-14A3D9B85AAC}.Debug|x64.ActiveCfg = Debug|x64
		{C359356E-F744-4B23-AA1A-14A3D9B85AAC}.Debug|x64.Build.0 = Debug|x64
		{C359356E-F744-4B23-AA1A-14A3D9B85AAC}.Debug|x86.ActiveCfg = Debug|Any CPU
		{C359356E-F744-4B23-AA1A-14A3D9B85AAC}.Debug|x86.Build.0 = Debug|Any CPU
		{C359356E-F744-4B23-AA1A-14A3D9B85AAC}.Release|Any CPU.ActiveCfg = Release|Any CPU
		{C359356E-F744-4B23-AA1A-14A3D9B85AAC}.Release|Any CPU.Build.0 = Release|Any CPU
		{C359356E-F744-4B23-AA1A-14A3D9B85AAC}.Release|x64.ActiveCfg = Release|Any CPU
		{C359356E-F744-4B23-AA1A-14A3D9B85AAC}.Release|x64.Build.0 = Release|Any CPU
		{C359356E-F744-4B23-AA1A-14A3D9B85AAC}.Release|x86.ActiveCfg = Release|Any CPU
		{C359356E-F744-4B23-AA1A-14A3D9B85AAC}.Release|x86.Build.0 = Release|Any CPU
		{D22D2E10-68E7-48AA-9690-F79A5038C173}.Debug|Any CPU.ActiveCfg = Debug|Any CPU
		{D22D2E10-68E7-48AA-9690-F79A5038C173}.Debug|Any CPU.Build.0 = Debug|Any CPU
		{D22D2E10-68E7-48AA-9690-F79A5038C173}.Debug|x64.ActiveCfg = Debug|x64
		{D22D2E10-68E7-48AA-9690-F79A5038C173}.Debug|x64.Build.0 = Debug|x64
		{D22D2E10-68E7-48AA-9690-F79A5038C173}.Debug|x86.ActiveCfg = Debug|Any CPU
		{D22D2E10-68E7-48AA-9690-F79A5038C173}.Debug|x86.Build.0 = Debug|Any CPU
		{D22D2E10-68E7-48AA-9690-F79A5038C173}.Release|Any CPU.ActiveCfg = Release|Any CPU
		{D22D2E10-68E7-48AA-9690-F79A5038C173}.Release|Any CPU.Build.0 = Release|Any CPU
		{D22D2E10-68E7-48AA-9690-F79A5038C173}.Release|x64.ActiveCfg = Release|x64
		{D22D2E10-68E7-48AA-9690-F79A5038C173}.Release|x64.Build.0 = Release|x64
		{D22D2E10-68E7-48AA-9690-F79A5038C173}.Release|x86.ActiveCfg = Release|Any CPU
		{D22D2E10-68E7-48AA-9690-F79A5038C173}.Release|x86.Build.0 = Release|Any CPU
		{3D862AED-5057-4410-884A-8D0B7115D5D5}.Debug|Any CPU.ActiveCfg = Debug|Any CPU
		{3D862AED-5057-4410-884A-8D0B7115D5D5}.Debug|Any CPU.Build.0 = Debug|Any CPU
		{3D862AED-5057-4410-884A-8D0B7115D5D5}.Debug|x64.ActiveCfg = Debug|x64
		{3D862AED-5057-4410-884A-8D0B7115D5D5}.Debug|x64.Build.0 = Debug|x64
		{3D862AED-5057-4410-884A-8D0B7115D5D5}.Debug|x86.ActiveCfg = Debug|Any CPU
		{3D862AED-5057-4410-884A-8D0B7115D5D5}.Debug|x86.Build.0 = Debug|Any CPU
		{3D862AED-5057-4410-884A-8D0B7115D5D5}.Release|Any CPU.ActiveCfg = Release|Any CPU
		{3D862AED-5057-4410-884A-8D0B7115D5D5}.Release|Any CPU.Build.0 = Release|Any CPU
		{3D862AED-5057-4410-884A-8D0B7115D5D5}.Release|x64.ActiveCfg = Release|x64
		{3D862AED-5057-4410-884A-8D0B7115D5D5}.Release|x64.Build.0 = Release|x64
		{3D862AED-5057-4410-884A-8D0B7115D5D5}.Release|x86.ActiveCfg = Release|Any CPU
		{3D862AED-5057-4410-884A-8D0B7115D5D5}.Release|x86.Build.0 = Release|Any CPU
		{9C855A4F-4D84-421C-9963-B6E94D00D81A}.Debug|Any CPU.ActiveCfg = Debug|Any CPU
		{9C855A4F-4D84-421C-9963-B6E94D00D81A}.Debug|Any CPU.Build.0 = Debug|Any CPU
		{9C855A4F-4D84-421C-9963-B6E94D00D81A}.Debug|x64.ActiveCfg = Debug|x64
		{9C855A4F-4D84-421C-9963-B6E94D00D81A}.Debug|x64.Build.0 = Debug|x64
		{9C855A4F-4D84-421C-9963-B6E94D00D81A}.Debug|x86.ActiveCfg = Debug|Any CPU
		{9C855A4F-4D84-421C-9963-B6E94D00D81A}.Debug|x86.Build.0 = Debug|Any CPU
		{9C855A4F-4D84-421C-9963-B6E94D00D81A}.Release|Any CPU.ActiveCfg = Release|Any CPU
		{9C855A4F-4D84-421C-9963-B6E94D00D81A}.Release|Any CPU.Build.0 = Release|Any CPU
		{9C855A4F-4D84-421C-9963-B6E94D00D81A}.Release|x64.ActiveCfg = Release|x64
		{9C855A4F-4D84-421C-9963-B6E94D00D81A}.Release|x64.Build.0 = Release|x64
		{9C855A4F-4D84-421C-9963-B6E94D00D81A}.Release|x86.ActiveCfg = Release|Any CPU
		{9C855A4F-4D84-421C-9963-B6E94D00D81A}.Release|x86.Build.0 = Release|Any CPU
		{E7B9C9FA-582C-49C6-AF76-CC838402ED1D}.Debug|Any CPU.ActiveCfg = Debug|Any CPU
		{E7B9C9FA-582C-49C6-AF76-CC838402ED1D}.Debug|Any CPU.Build.0 = Debug|Any CPU
		{E7B9C9FA-582C-49C6-AF76-CC838402ED1D}.Debug|x64.ActiveCfg = Debug|x64
		{E7B9C9FA-582C-49C6-AF76-CC838402ED1D}.Debug|x64.Build.0 = Debug|x64
		{E7B9C9FA-582C-49C6-AF76-CC838402ED1D}.Debug|x86.ActiveCfg = Debug|Any CPU
		{E7B9C9FA-582C-49C6-AF76-CC838402ED1D}.Debug|x86.Build.0 = Debug|Any CPU
		{E7B9C9FA-582C-49C6-AF76-CC838402ED1D}.Release|Any CPU.ActiveCfg = Release|Any CPU
		{E7B9C9FA-582C-49C6-AF76-CC838402ED1D}.Release|Any CPU.Build.0 = Release|Any CPU
		{E7B9C9FA-582C-49C6-AF76-CC838402ED1D}.Release|x64.ActiveCfg = Release|x64
		{E7B9C9FA-582C-49C6-AF76-CC838402ED1D}.Release|x64.Build.0 = Release|x64
		{E7B9C9FA-582C-49C6-AF76-CC838402ED1D}.Release|x86.ActiveCfg = Release|Any CPU
		{E7B9C9FA-582C-49C6-AF76-CC838402ED1D}.Release|x86.Build.0 = Release|Any CPU
		{C777E41D-A2E7-40B0-9719-32C7568CFA78}.Debug|Any CPU.ActiveCfg = Debug|Any CPU
		{C777E41D-A2E7-40B0-9719-32C7568CFA78}.Debug|Any CPU.Build.0 = Debug|Any CPU
		{C777E41D-A2E7-40B0-9719-32C7568CFA78}.Debug|x64.ActiveCfg = Debug|x64
		{C777E41D-A2E7-40B0-9719-32C7568CFA78}.Debug|x64.Build.0 = Debug|x64
		{C777E41D-A2E7-40B0-9719-32C7568CFA78}.Debug|x86.ActiveCfg = Debug|Any CPU
		{C777E41D-A2E7-40B0-9719-32C7568CFA78}.Debug|x86.Build.0 = Debug|Any CPU
		{C777E41D-A2E7-40B0-9719-32C7568CFA78}.Release|Any CPU.ActiveCfg = Release|Any CPU
		{C777E41D-A2E7-40B0-9719-32C7568CFA78}.Release|Any CPU.Build.0 = Release|Any CPU
		{C777E41D-A2E7-40B0-9719-32C7568CFA78}.Release|x64.ActiveCfg = Release|x64
		{C777E41D-A2E7-40B0-9719-32C7568CFA78}.Release|x64.Build.0 = Release|x64
		{C777E41D-A2E7-40B0-9719-32C7568CFA78}.Release|x86.ActiveCfg = Release|Any CPU
		{C777E41D-A2E7-40B0-9719-32C7568CFA78}.Release|x86.Build.0 = Release|Any CPU
		{A4732DF9-4906-492A-AB46-9C5FB65D2198}.Debug|Any CPU.ActiveCfg = Debug|Any CPU
		{A4732DF9-4906-492A-AB46-9C5FB65D2198}.Debug|Any CPU.Build.0 = Debug|Any CPU
		{A4732DF9-4906-492A-AB46-9C5FB65D2198}.Debug|x64.ActiveCfg = Debug|x64
		{A4732DF9-4906-492A-AB46-9C5FB65D2198}.Debug|x64.Build.0 = Debug|x64
		{A4732DF9-4906-492A-AB46-9C5FB65D2198}.Debug|x86.ActiveCfg = Debug|Any CPU
		{A4732DF9-4906-492A-AB46-9C5FB65D2198}.Debug|x86.Build.0 = Debug|Any CPU
		{A4732DF9-4906-492A-AB46-9C5FB65D2198}.Release|Any CPU.ActiveCfg = Release|Any CPU
		{A4732DF9-4906-492A-AB46-9C5FB65D2198}.Release|Any CPU.Build.0 = Release|Any CPU
		{A4732DF9-4906-492A-AB46-9C5FB65D2198}.Release|x64.ActiveCfg = Release|x64
		{A4732DF9-4906-492A-AB46-9C5FB65D2198}.Release|x64.Build.0 = Release|x64
		{A4732DF9-4906-492A-AB46-9C5FB65D2198}.Release|x86.ActiveCfg = Release|Any CPU
		{A4732DF9-4906-492A-AB46-9C5FB65D2198}.Release|x86.Build.0 = Release|Any CPU
		{A8C627AE-CE63-4CF2-A878-EB200D6C6FF4}.Debug|Any CPU.ActiveCfg = Debug|Any CPU
		{A8C627AE-CE63-4CF2-A878-EB200D6C6FF4}.Debug|Any CPU.Build.0 = Debug|Any CPU
		{A8C627AE-CE63-4CF2-A878-EB200D6C6FF4}.Debug|x64.ActiveCfg = Debug|x64
		{A8C627AE-CE63-4CF2-A878-EB200D6C6FF4}.Debug|x64.Build.0 = Debug|x64
		{A8C627AE-CE63-4CF2-A878-EB200D6C6FF4}.Debug|x86.ActiveCfg = Debug|Any CPU
		{A8C627AE-CE63-4CF2-A878-EB200D6C6FF4}.Debug|x86.Build.0 = Debug|Any CPU
		{A8C627AE-CE63-4CF2-A878-EB200D6C6FF4}.Release|Any CPU.ActiveCfg = Release|Any CPU
		{A8C627AE-CE63-4CF2-A878-EB200D6C6FF4}.Release|Any CPU.Build.0 = Release|Any CPU
		{A8C627AE-CE63-4CF2-A878-EB200D6C6FF4}.Release|x64.ActiveCfg = Release|x64
		{A8C627AE-CE63-4CF2-A878-EB200D6C6FF4}.Release|x64.Build.0 = Release|x64
		{A8C627AE-CE63-4CF2-A878-EB200D6C6FF4}.Release|x86.ActiveCfg = Release|Any CPU
		{A8C627AE-CE63-4CF2-A878-EB200D6C6FF4}.Release|x86.Build.0 = Release|Any CPU
		{E3FD6A48-4E0A-4243-A13D-064F8FAA307B}.Debug|Any CPU.ActiveCfg = Debug|Any CPU
		{E3FD6A48-4E0A-4243-A13D-064F8FAA307B}.Debug|Any CPU.Build.0 = Debug|Any CPU
		{E3FD6A48-4E0A-4243-A13D-064F8FAA307B}.Debug|x64.ActiveCfg = Debug|x64
		{E3FD6A48-4E0A-4243-A13D-064F8FAA307B}.Debug|x64.Build.0 = Debug|x64
		{E3FD6A48-4E0A-4243-A13D-064F8FAA307B}.Debug|x86.ActiveCfg = Debug|Any CPU
		{E3FD6A48-4E0A-4243-A13D-064F8FAA307B}.Debug|x86.Build.0 = Debug|Any CPU
		{E3FD6A48-4E0A-4243-A13D-064F8FAA307B}.Release|Any CPU.ActiveCfg = Release|Any CPU
		{E3FD6A48-4E0A-4243-A13D-064F8FAA307B}.Release|Any CPU.Build.0 = Release|Any CPU
		{E3FD6A48-4E0A-4243-A13D-064F8FAA307B}.Release|x64.ActiveCfg = Release|x64
		{E3FD6A48-4E0A-4243-A13D-064F8FAA307B}.Release|x64.Build.0 = Release|x64
		{E3FD6A48-4E0A-4243-A13D-064F8FAA307B}.Release|x86.ActiveCfg = Release|Any CPU
		{E3FD6A48-4E0A-4243-A13D-064F8FAA307B}.Release|x86.Build.0 = Release|Any CPU
		{CCB58B2D-196B-4665-BC1B-DB38E0DF5CE5}.Debug|Any CPU.ActiveCfg = Debug|Any CPU
		{CCB58B2D-196B-4665-BC1B-DB38E0DF5CE5}.Debug|Any CPU.Build.0 = Debug|Any CPU
		{CCB58B2D-196B-4665-BC1B-DB38E0DF5CE5}.Debug|x64.ActiveCfg = Debug|x64
		{CCB58B2D-196B-4665-BC1B-DB38E0DF5CE5}.Debug|x64.Build.0 = Debug|x64
		{CCB58B2D-196B-4665-BC1B-DB38E0DF5CE5}.Debug|x86.ActiveCfg = Debug|Any CPU
		{CCB58B2D-196B-4665-BC1B-DB38E0DF5CE5}.Debug|x86.Build.0 = Debug|Any CPU
		{CCB58B2D-196B-4665-BC1B-DB38E0DF5CE5}.Release|Any CPU.ActiveCfg = Release|Any CPU
		{CCB58B2D-196B-4665-BC1B-DB38E0DF5CE5}.Release|Any CPU.Build.0 = Release|Any CPU
		{CCB58B2D-196B-4665-BC1B-DB38E0DF5CE5}.Release|x64.ActiveCfg = Release|x64
		{CCB58B2D-196B-4665-BC1B-DB38E0DF5CE5}.Release|x64.Build.0 = Release|x64
		{CCB58B2D-196B-4665-BC1B-DB38E0DF5CE5}.Release|x86.ActiveCfg = Release|Any CPU
		{CCB58B2D-196B-4665-BC1B-DB38E0DF5CE5}.Release|x86.Build.0 = Release|Any CPU
		{DC191150-6557-4D2F-86AA-50702672B4F3}.Debug|Any CPU.ActiveCfg = Debug|Any CPU
		{DC191150-6557-4D2F-86AA-50702672B4F3}.Debug|Any CPU.Build.0 = Debug|Any CPU
		{DC191150-6557-4D2F-86AA-50702672B4F3}.Debug|x64.ActiveCfg = Debug|x64
		{DC191150-6557-4D2F-86AA-50702672B4F3}.Debug|x64.Build.0 = Debug|x64
		{DC191150-6557-4D2F-86AA-50702672B4F3}.Debug|x86.ActiveCfg = Debug|Any CPU
		{DC191150-6557-4D2F-86AA-50702672B4F3}.Debug|x86.Build.0 = Debug|Any CPU
		{DC191150-6557-4D2F-86AA-50702672B4F3}.Release|Any CPU.ActiveCfg = Release|Any CPU
		{DC191150-6557-4D2F-86AA-50702672B4F3}.Release|Any CPU.Build.0 = Release|Any CPU
		{DC191150-6557-4D2F-86AA-50702672B4F3}.Release|x64.ActiveCfg = Release|x64
		{DC191150-6557-4D2F-86AA-50702672B4F3}.Release|x64.Build.0 = Release|x64
		{DC191150-6557-4D2F-86AA-50702672B4F3}.Release|x86.ActiveCfg = Release|Any CPU
		{DC191150-6557-4D2F-86AA-50702672B4F3}.Release|x86.Build.0 = Release|Any CPU
		{F1D01C35-D638-4362-BD2E-0DA334A5C501}.Debug|Any CPU.ActiveCfg = Debug|Any CPU
		{F1D01C35-D638-4362-BD2E-0DA334A5C501}.Debug|Any CPU.Build.0 = Debug|Any CPU
		{F1D01C35-D638-4362-BD2E-0DA334A5C501}.Debug|x64.ActiveCfg = Debug|x64
		{F1D01C35-D638-4362-BD2E-0DA334A5C501}.Debug|x64.Build.0 = Debug|x64
		{F1D01C35-D638-4362-BD2E-0DA334A5C501}.Debug|x86.ActiveCfg = Debug|Any CPU
		{F1D01C35-D638-4362-BD2E-0DA334A5C501}.Debug|x86.Build.0 = Debug|Any CPU
		{F1D01C35-D638-4362-BD2E-0DA334A5C501}.Release|Any CPU.ActiveCfg = Release|Any CPU
		{F1D01C35-D638-4362-BD2E-0DA334A5C501}.Release|Any CPU.Build.0 = Release|Any CPU
		{F1D01C35-D638-4362-BD2E-0DA334A5C501}.Release|x64.ActiveCfg = Release|x64
		{F1D01C35-D638-4362-BD2E-0DA334A5C501}.Release|x64.Build.0 = Release|x64
		{F1D01C35-D638-4362-BD2E-0DA334A5C501}.Release|x86.ActiveCfg = Release|Any CPU
		{F1D01C35-D638-4362-BD2E-0DA334A5C501}.Release|x86.Build.0 = Release|Any CPU
		{C2D37CD4-FD95-4E2D-B802-100088007710}.Debug|Any CPU.ActiveCfg = Debug|Any CPU
		{C2D37CD4-FD95-4E2D-B802-100088007710}.Debug|Any CPU.Build.0 = Debug|Any CPU
		{C2D37CD4-FD95-4E2D-B802-100088007710}.Debug|x64.ActiveCfg = Debug|x64
		{C2D37CD4-FD95-4E2D-B802-100088007710}.Debug|x64.Build.0 = Debug|x64
		{C2D37CD4-FD95-4E2D-B802-100088007710}.Debug|x86.ActiveCfg = Debug|Any CPU
		{C2D37CD4-FD95-4E2D-B802-100088007710}.Debug|x86.Build.0 = Debug|Any CPU
		{C2D37CD4-FD95-4E2D-B802-100088007710}.Release|Any CPU.ActiveCfg = Release|Any CPU
		{C2D37CD4-FD95-4E2D-B802-100088007710}.Release|Any CPU.Build.0 = Release|Any CPU
		{C2D37CD4-FD95-4E2D-B802-100088007710}.Release|x64.ActiveCfg = Release|x64
		{C2D37CD4-FD95-4E2D-B802-100088007710}.Release|x64.Build.0 = Release|x64
		{C2D37CD4-FD95-4E2D-B802-100088007710}.Release|x86.ActiveCfg = Release|Any CPU
		{C2D37CD4-FD95-4E2D-B802-100088007710}.Release|x86.Build.0 = Release|Any CPU
		{C781355B-49D1-423C-B2E8-2ECB305E690E}.Debug|Any CPU.ActiveCfg = Debug|Any CPU
		{C781355B-49D1-423C-B2E8-2ECB305E690E}.Debug|Any CPU.Build.0 = Debug|Any CPU
		{C781355B-49D1-423C-B2E8-2ECB305E690E}.Debug|x64.ActiveCfg = Debug|x64
		{C781355B-49D1-423C-B2E8-2ECB305E690E}.Debug|x64.Build.0 = Debug|x64
		{C781355B-49D1-423C-B2E8-2ECB305E690E}.Debug|x86.ActiveCfg = Debug|Any CPU
		{C781355B-49D1-423C-B2E8-2ECB305E690E}.Debug|x86.Build.0 = Debug|Any CPU
		{C781355B-49D1-423C-B2E8-2ECB305E690E}.Release|Any CPU.ActiveCfg = Release|Any CPU
		{C781355B-49D1-423C-B2E8-2ECB305E690E}.Release|Any CPU.Build.0 = Release|Any CPU
		{C781355B-49D1-423C-B2E8-2ECB305E690E}.Release|x64.ActiveCfg = Release|x64
		{C781355B-49D1-423C-B2E8-2ECB305E690E}.Release|x64.Build.0 = Release|x64
		{C781355B-49D1-423C-B2E8-2ECB305E690E}.Release|x86.ActiveCfg = Release|Any CPU
		{C781355B-49D1-423C-B2E8-2ECB305E690E}.Release|x86.Build.0 = Release|Any CPU
		{A0176F05-5DB4-4A97-9627-17A96724F792}.Debug|Any CPU.ActiveCfg = Debug|Any CPU
		{A0176F05-5DB4-4A97-9627-17A96724F792}.Debug|Any CPU.Build.0 = Debug|Any CPU
		{A0176F05-5DB4-4A97-9627-17A96724F792}.Debug|x64.ActiveCfg = Debug|x64
		{A0176F05-5DB4-4A97-9627-17A96724F792}.Debug|x64.Build.0 = Debug|x64
		{A0176F05-5DB4-4A97-9627-17A96724F792}.Debug|x86.ActiveCfg = Debug|Any CPU
		{A0176F05-5DB4-4A97-9627-17A96724F792}.Debug|x86.Build.0 = Debug|Any CPU
		{A0176F05-5DB4-4A97-9627-17A96724F792}.Release|Any CPU.ActiveCfg = Release|Any CPU
		{A0176F05-5DB4-4A97-9627-17A96724F792}.Release|Any CPU.Build.0 = Release|Any CPU
		{A0176F05-5DB4-4A97-9627-17A96724F792}.Release|x64.ActiveCfg = Release|x64
		{A0176F05-5DB4-4A97-9627-17A96724F792}.Release|x64.Build.0 = Release|x64
		{A0176F05-5DB4-4A97-9627-17A96724F792}.Release|x86.ActiveCfg = Release|Any CPU
		{A0176F05-5DB4-4A97-9627-17A96724F792}.Release|x86.Build.0 = Release|Any CPU
		{558E4243-6D60-4435-A4F2-F7DD259CAAF1}.Debug|Any CPU.ActiveCfg = Debug|Any CPU
		{558E4243-6D60-4435-A4F2-F7DD259CAAF1}.Debug|Any CPU.Build.0 = Debug|Any CPU
		{558E4243-6D60-4435-A4F2-F7DD259CAAF1}.Debug|x64.ActiveCfg = Debug|Any CPU
		{558E4243-6D60-4435-A4F2-F7DD259CAAF1}.Debug|x64.Build.0 = Debug|Any CPU
		{558E4243-6D60-4435-A4F2-F7DD259CAAF1}.Debug|x86.ActiveCfg = Debug|Any CPU
		{558E4243-6D60-4435-A4F2-F7DD259CAAF1}.Debug|x86.Build.0 = Debug|Any CPU
		{558E4243-6D60-4435-A4F2-F7DD259CAAF1}.Release|Any CPU.ActiveCfg = Release|Any CPU
		{558E4243-6D60-4435-A4F2-F7DD259CAAF1}.Release|Any CPU.Build.0 = Release|Any CPU
		{558E4243-6D60-4435-A4F2-F7DD259CAAF1}.Release|x64.ActiveCfg = Release|Any CPU
		{558E4243-6D60-4435-A4F2-F7DD259CAAF1}.Release|x64.Build.0 = Release|Any CPU
		{558E4243-6D60-4435-A4F2-F7DD259CAAF1}.Release|x86.ActiveCfg = Release|Any CPU
		{558E4243-6D60-4435-A4F2-F7DD259CAAF1}.Release|x86.Build.0 = Release|Any CPU
		{0E3A66AD-07E5-4BC8-AA31-2742697E6C76}.Debug|Any CPU.ActiveCfg = Debug|Any CPU
		{0E3A66AD-07E5-4BC8-AA31-2742697E6C76}.Debug|Any CPU.Build.0 = Debug|Any CPU
		{0E3A66AD-07E5-4BC8-AA31-2742697E6C76}.Debug|x64.ActiveCfg = Debug|Any CPU
		{0E3A66AD-07E5-4BC8-AA31-2742697E6C76}.Debug|x64.Build.0 = Debug|Any CPU
		{0E3A66AD-07E5-4BC8-AA31-2742697E6C76}.Debug|x86.ActiveCfg = Debug|Any CPU
		{0E3A66AD-07E5-4BC8-AA31-2742697E6C76}.Debug|x86.Build.0 = Debug|Any CPU
		{0E3A66AD-07E5-4BC8-AA31-2742697E6C76}.Release|Any CPU.ActiveCfg = Release|Any CPU
		{0E3A66AD-07E5-4BC8-AA31-2742697E6C76}.Release|Any CPU.Build.0 = Release|Any CPU
		{0E3A66AD-07E5-4BC8-AA31-2742697E6C76}.Release|x64.ActiveCfg = Release|Any CPU
		{0E3A66AD-07E5-4BC8-AA31-2742697E6C76}.Release|x64.Build.0 = Release|Any CPU
		{0E3A66AD-07E5-4BC8-AA31-2742697E6C76}.Release|x86.ActiveCfg = Release|Any CPU
		{0E3A66AD-07E5-4BC8-AA31-2742697E6C76}.Release|x86.Build.0 = Release|Any CPU
		{899EF028-3EAF-4110-92B8-41C13840CDC3}.Debug|Any CPU.ActiveCfg = Debug|Any CPU
		{899EF028-3EAF-4110-92B8-41C13840CDC3}.Debug|Any CPU.Build.0 = Debug|Any CPU
		{899EF028-3EAF-4110-92B8-41C13840CDC3}.Debug|x64.ActiveCfg = Debug|Any CPU
		{899EF028-3EAF-4110-92B8-41C13840CDC3}.Debug|x64.Build.0 = Debug|Any CPU
		{899EF028-3EAF-4110-92B8-41C13840CDC3}.Debug|x86.ActiveCfg = Debug|Any CPU
		{899EF028-3EAF-4110-92B8-41C13840CDC3}.Debug|x86.Build.0 = Debug|Any CPU
		{899EF028-3EAF-4110-92B8-41C13840CDC3}.Release|Any CPU.ActiveCfg = Release|Any CPU
		{899EF028-3EAF-4110-92B8-41C13840CDC3}.Release|Any CPU.Build.0 = Release|Any CPU
		{899EF028-3EAF-4110-92B8-41C13840CDC3}.Release|x64.ActiveCfg = Release|Any CPU
		{899EF028-3EAF-4110-92B8-41C13840CDC3}.Release|x64.Build.0 = Release|Any CPU
		{899EF028-3EAF-4110-92B8-41C13840CDC3}.Release|x86.ActiveCfg = Release|Any CPU
		{899EF028-3EAF-4110-92B8-41C13840CDC3}.Release|x86.Build.0 = Release|Any CPU
		{5C559AB1-6197-4ED8-8D53-46D46590F4EF}.Debug|Any CPU.ActiveCfg = Debug|Any CPU
		{5C559AB1-6197-4ED8-8D53-46D46590F4EF}.Debug|Any CPU.Build.0 = Debug|Any CPU
		{5C559AB1-6197-4ED8-8D53-46D46590F4EF}.Debug|x64.ActiveCfg = Debug|x64
		{5C559AB1-6197-4ED8-8D53-46D46590F4EF}.Debug|x64.Build.0 = Debug|x64
		{5C559AB1-6197-4ED8-8D53-46D46590F4EF}.Debug|x86.ActiveCfg = Debug|Any CPU
		{5C559AB1-6197-4ED8-8D53-46D46590F4EF}.Debug|x86.Build.0 = Debug|Any CPU
		{5C559AB1-6197-4ED8-8D53-46D46590F4EF}.Release|Any CPU.ActiveCfg = Release|Any CPU
		{5C559AB1-6197-4ED8-8D53-46D46590F4EF}.Release|Any CPU.Build.0 = Release|Any CPU
		{5C559AB1-6197-4ED8-8D53-46D46590F4EF}.Release|x64.ActiveCfg = Release|x64
		{5C559AB1-6197-4ED8-8D53-46D46590F4EF}.Release|x64.Build.0 = Release|x64
		{5C559AB1-6197-4ED8-8D53-46D46590F4EF}.Release|x86.ActiveCfg = Release|Any CPU
		{5C559AB1-6197-4ED8-8D53-46D46590F4EF}.Release|x86.Build.0 = Release|Any CPU
	EndGlobalSection
	GlobalSection(SolutionProperties) = preSolution
		HideSolutionNode = FALSE
	EndGlobalSection
	GlobalSection(ExtensibilityGlobals) = postSolution
		SolutionGuid = {837885E4-7663-4F4D-9A37-22460C73A7B8}
	EndGlobalSection
EndGlobal
